// !$*UTF8*$!
{
	archiveVersion = 1;
	classes = {
	};
	objectVersion = 50;
	objects = {

/* Begin PBXBuildFile section */
		2048A0D7225C744400290E54 /* Failure.swift in Sources */ = {isa = PBXBuildFile; fileRef = 2048A0CC225C744400290E54 /* Failure.swift */; };
		2048A0D9225C744400290E54 /* Failure.swift in Sources */ = {isa = PBXBuildFile; fileRef = 2048A0CC225C744400290E54 /* Failure.swift */; };
		2048A0DA225C744400290E54 /* Hash.swift in Sources */ = {isa = PBXBuildFile; fileRef = 2048A0CD225C744400290E54 /* Hash.swift */; };
		2048A0DB225C744400290E54 /* Hash.swift in Sources */ = {isa = PBXBuildFile; fileRef = 2048A0CD225C744400290E54 /* Hash.swift */; };
		2048A0DC225C744400290E54 /* Index.swift in Sources */ = {isa = PBXBuildFile; fileRef = 2048A0CE225C744400290E54 /* Index.swift */; };
		2048A0DD225C744400290E54 /* Index.swift in Sources */ = {isa = PBXBuildFile; fileRef = 2048A0CE225C744400290E54 /* Index.swift */; };
		2048A0DE225C744400290E54 /* Commit.swift in Sources */ = {isa = PBXBuildFile; fileRef = 2048A0CF225C744400290E54 /* Commit.swift */; };
		2048A0DF225C744400290E54 /* Commit.swift in Sources */ = {isa = PBXBuildFile; fileRef = 2048A0CF225C744400290E54 /* Commit.swift */; };
		2048A0E0225C744400290E54 /* Serial.swift in Sources */ = {isa = PBXBuildFile; fileRef = 2048A0D0225C744400290E54 /* Serial.swift */; };
		2048A0E1225C744400290E54 /* Serial.swift in Sources */ = {isa = PBXBuildFile; fileRef = 2048A0D0225C744400290E54 /* Serial.swift */; };
		2048A0E2225C744400290E54 /* Press.swift in Sources */ = {isa = PBXBuildFile; fileRef = 2048A0D1225C744400290E54 /* Press.swift */; };
		2048A0E3225C744400290E54 /* Press.swift in Sources */ = {isa = PBXBuildFile; fileRef = 2048A0D1225C744400290E54 /* Press.swift */; };
		2048A0E4225C744400290E54 /* Repository.swift in Sources */ = {isa = PBXBuildFile; fileRef = 2048A0D2225C744400290E54 /* Repository.swift */; };
		2048A0E5225C744400290E54 /* Repository.swift in Sources */ = {isa = PBXBuildFile; fileRef = 2048A0D2225C744400290E54 /* Repository.swift */; };
		2048A0E6225C744400290E54 /* Tree.swift in Sources */ = {isa = PBXBuildFile; fileRef = 2048A0D3225C744400290E54 /* Tree.swift */; };
		2048A0E7225C744400290E54 /* Tree.swift in Sources */ = {isa = PBXBuildFile; fileRef = 2048A0D3225C744400290E54 /* Tree.swift */; };
		2048A0E8225C744400290E54 /* Status.swift in Sources */ = {isa = PBXBuildFile; fileRef = 2048A0D4225C744400290E54 /* Status.swift */; };
		2048A0E9225C744400290E54 /* Status.swift in Sources */ = {isa = PBXBuildFile; fileRef = 2048A0D4225C744400290E54 /* Status.swift */; };
		2048A0EA225C744400290E54 /* Hub.swift in Sources */ = {isa = PBXBuildFile; fileRef = 2048A0D5225C744400290E54 /* Hub.swift */; };
		2048A0EB225C744400290E54 /* Hub.swift in Sources */ = {isa = PBXBuildFile; fileRef = 2048A0D5225C744400290E54 /* Hub.swift */; };
		2048A0EC225C744400290E54 /* Parse.swift in Sources */ = {isa = PBXBuildFile; fileRef = 2048A0D6225C744400290E54 /* Parse.swift */; };
		2048A0ED225C744400290E54 /* Parse.swift in Sources */ = {isa = PBXBuildFile; fileRef = 2048A0D6225C744400290E54 /* Parse.swift */; };
		2048A100225C745100290E54 /* commit1 in Resources */ = {isa = PBXBuildFile; fileRef = 2048A0EF225C745100290E54 /* commit1 */; };
		2048A101225C745100290E54 /* TestIndex.swift in Sources */ = {isa = PBXBuildFile; fileRef = 2048A0F0225C745100290E54 /* TestIndex.swift */; };
		2048A102225C745100290E54 /* commit0 in Resources */ = {isa = PBXBuildFile; fileRef = 2048A0F1225C745100290E54 /* commit0 */; };
		2048A103225C745100290E54 /* tree1 in Resources */ = {isa = PBXBuildFile; fileRef = 2048A0F2225C745100290E54 /* tree1 */; };
		2048A104225C745100290E54 /* tree0 in Resources */ = {isa = PBXBuildFile; fileRef = 2048A0F3225C745100290E54 /* tree0 */; };
		2048A105225C745100290E54 /* TestHub.swift in Sources */ = {isa = PBXBuildFile; fileRef = 2048A0F4225C745100290E54 /* TestHub.swift */; };
		2048A106225C745100290E54 /* index1 in Resources */ = {isa = PBXBuildFile; fileRef = 2048A0F5225C745100290E54 /* index1 */; };
		2048A107225C745100290E54 /* TestPress.swift in Sources */ = {isa = PBXBuildFile; fileRef = 2048A0F6225C745100290E54 /* TestPress.swift */; };
		2048A108225C745100290E54 /* index0 in Resources */ = {isa = PBXBuildFile; fileRef = 2048A0F7225C745100290E54 /* index0 */; };
		2048A109225C745100290E54 /* TestHash.swift in Sources */ = {isa = PBXBuildFile; fileRef = 2048A0F8225C745100290E54 /* TestHash.swift */; };
		2048A10B225C745100290E54 /* TestAdd.swift in Sources */ = {isa = PBXBuildFile; fileRef = 2048A0FA225C745100290E54 /* TestAdd.swift */; };
		2048A10C225C745100290E54 /* blob0 in Resources */ = {isa = PBXBuildFile; fileRef = 2048A0FB225C745100290E54 /* blob0 */; };
		2048A10D225C745100290E54 /* tree2 in Resources */ = {isa = PBXBuildFile; fileRef = 2048A0FC225C745100290E54 /* tree2 */; };
		2048A10E225C745100290E54 /* TestStatus.swift in Sources */ = {isa = PBXBuildFile; fileRef = 2048A0FD225C745100290E54 /* TestStatus.swift */; };
		2048A10F225C745100290E54 /* index2 in Resources */ = {isa = PBXBuildFile; fileRef = 2048A0FE225C745100290E54 /* index2 */; };
		2048A110225C745100290E54 /* index3 in Resources */ = {isa = PBXBuildFile; fileRef = 2048A0FF225C745100290E54 /* index3 */; };
		2048A116225C746200290E54 /* Localizable.strings in Resources */ = {isa = PBXBuildFile; fileRef = 2048A112225C746200290E54 /* Localizable.strings */; };
		2048A117225C746200290E54 /* Localizable.strings in Resources */ = {isa = PBXBuildFile; fileRef = 2048A112225C746200290E54 /* Localizable.strings */; };
		2048A118225C746200290E54 /* SFMono-Light.otf in Resources */ = {isa = PBXBuildFile; fileRef = 2048A114225C746200290E54 /* SFMono-Light.otf */; };
		2048A119225C746200290E54 /* SFMono-Light.otf in Resources */ = {isa = PBXBuildFile; fileRef = 2048A114225C746200290E54 /* SFMono-Light.otf */; };
		2048A11A225C746200290E54 /* SFMono-Bold.otf in Resources */ = {isa = PBXBuildFile; fileRef = 2048A115225C746200290E54 /* SFMono-Bold.otf */; };
		2048A11B225C746200290E54 /* SFMono-Bold.otf in Resources */ = {isa = PBXBuildFile; fileRef = 2048A115225C746200290E54 /* SFMono-Bold.otf */; };
		2048A127225C748900290E54 /* iOS.storyboard in Resources */ = {isa = PBXBuildFile; fileRef = 2048A124225C748900290E54 /* iOS.storyboard */; };
		2048A129225C748900290E54 /* App.swift in Sources */ = {isa = PBXBuildFile; fileRef = 2048A126225C748900290E54 /* App.swift */; };
		2048A134225C749200290E54 /* Extensions.swift in Sources */ = {isa = PBXBuildFile; fileRef = 2048A12E225C749200290E54 /* Extensions.swift */; };
		2048A136225C749200290E54 /* App.swift in Sources */ = {isa = PBXBuildFile; fileRef = 2048A130225C749200290E54 /* App.swift */; };
		2048A137225C749200290E54 /* Button.swift in Sources */ = {isa = PBXBuildFile; fileRef = 2048A131225C749200290E54 /* Button.swift */; };
		204C754922894801007327D5 /* commit2 in Resources */ = {isa = PBXBuildFile; fileRef = 204C754822894801007327D5 /* commit2 */; };
		204C754B22899784007327D5 /* fetch0 in Resources */ = {isa = PBXBuildFile; fileRef = 204C754A22899784007327D5 /* fetch0 */; };
		2051FABA225C78DD00BC00BC /* libGit.a in Frameworks */ = {isa = PBXBuildFile; fileRef = 2051FAB6225C78CF00BC00BC /* libGit.a */; };
		2051FABB225C78E300BC00BC /* libGit.a in Frameworks */ = {isa = PBXBuildFile; fileRef = 2051FAB7225C78D000BC00BC /* libGit.a */; };
		2051FABC225C78EA00BC00BC /* libGit.a in Frameworks */ = {isa = PBXBuildFile; fileRef = 2051FAB6225C78CF00BC00BC /* libGit.a */; };
		2055EFDC2276C9C000658C04 /* Home.swift in Sources */ = {isa = PBXBuildFile; fileRef = 2055EFDB2276C9C000658C04 /* Home.swift */; };
		205CF271227ABE49002BDAE0 /* TestRepository.swift in Sources */ = {isa = PBXBuildFile; fileRef = 205CF270227ABE49002BDAE0 /* TestRepository.swift */; };
		205FF459227C22B80085E4F4 /* Stage.swift in Sources */ = {isa = PBXBuildFile; fileRef = 205FF458227C22B80085E4F4 /* Stage.swift */; };
		205FF45A227C22B80085E4F4 /* Stage.swift in Sources */ = {isa = PBXBuildFile; fileRef = 205FF458227C22B80085E4F4 /* Stage.swift */; };
		20671BE9226C70A700A74B7E /* TestList.swift in Sources */ = {isa = PBXBuildFile; fileRef = 20671BE8226C70A700A74B7E /* TestList.swift */; };
		20671BEB226C79E900A74B7E /* Ignore.swift in Sources */ = {isa = PBXBuildFile; fileRef = 20671BEA226C79E900A74B7E /* Ignore.swift */; };
		20671BEC226C79E900A74B7E /* Ignore.swift in Sources */ = {isa = PBXBuildFile; fileRef = 20671BEA226C79E900A74B7E /* Ignore.swift */; };
		20671BEE226C7A0000A74B7E /* TestIgnore.swift in Sources */ = {isa = PBXBuildFile; fileRef = 20671BED226C7A0000A74B7E /* TestIgnore.swift */; };
		206F2E592275BD090058DA7E /* TestContents.swift in Sources */ = {isa = PBXBuildFile; fileRef = 206F2E582275BD090058DA7E /* TestContents.swift */; };
		206F2E5E2275DDFD0058DA7E /* TestPack.swift in Sources */ = {isa = PBXBuildFile; fileRef = 206F2E5D2275DDFD0058DA7E /* TestPack.swift */; };
		206F2E612275DE840058DA7E /* pack-0.idx in Resources */ = {isa = PBXBuildFile; fileRef = 206F2E5F2275DE840058DA7E /* pack-0.idx */; };
		206F2E622275DE840058DA7E /* pack-0.pack in Resources */ = {isa = PBXBuildFile; fileRef = 206F2E602275DE840058DA7E /* pack-0.pack */; };
		206F2E642275E7E50058DA7E /* Pack.swift in Sources */ = {isa = PBXBuildFile; fileRef = 206F2E632275E7E50058DA7E /* Pack.swift */; };
		206F2E652275E7E50058DA7E /* Pack.swift in Sources */ = {isa = PBXBuildFile; fileRef = 206F2E632275E7E50058DA7E /* Pack.swift */; };
		20710E082286CA6A00104F72 /* Rest.swift in Sources */ = {isa = PBXBuildFile; fileRef = 20710E072286CA6A00104F72 /* Rest.swift */; };
		20710E092286CA6A00104F72 /* Rest.swift in Sources */ = {isa = PBXBuildFile; fileRef = 20710E072286CA6A00104F72 /* Rest.swift */; };
		2073D8772267283E00631BCB /* Dispatch.swift in Sources */ = {isa = PBXBuildFile; fileRef = 2073D8762267283E00631BCB /* Dispatch.swift */; };
		2073D8782267283E00631BCB /* Dispatch.swift in Sources */ = {isa = PBXBuildFile; fileRef = 2073D8762267283E00631BCB /* Dispatch.swift */; };
		2075D1A0227DD2EC0004D098 /* TestLog.swift in Sources */ = {isa = PBXBuildFile; fileRef = 2075D19F227DD2EC0004D098 /* TestLog.swift */; };
		208D223E228AD12F009AFF08 /* fetch1 in Resources */ = {isa = PBXBuildFile; fileRef = 208D223D228AD12F009AFF08 /* fetch1 */; };
		20948B7B2271986000B1987D /* User.swift in Sources */ = {isa = PBXBuildFile; fileRef = 20948B792271985B00B1987D /* User.swift */; };
		20948B7C2271986100B1987D /* User.swift in Sources */ = {isa = PBXBuildFile; fileRef = 20948B792271985B00B1987D /* User.swift */; };
		20948B7E2271987E00B1987D /* TestUser.swift in Sources */ = {isa = PBXBuildFile; fileRef = 20948B7D2271987E00B1987D /* TestUser.swift */; };
		2094C10D228C03010078FC6C /* commit3 in Resources */ = {isa = PBXBuildFile; fileRef = 2094C10C228C03010078FC6C /* commit3 */; };
		209ACF2D2282ABE4001F3523 /* Alert.swift in Sources */ = {isa = PBXBuildFile; fileRef = 209ACF2C2282ABE4001F3523 /* Alert.swift */; };
		209ACF2F2282ACB9001F3523 /* View.swift in Sources */ = {isa = PBXBuildFile; fileRef = 209ACF2E2282ACB9001F3523 /* View.swift */; };
		20A37BED2272E1E100850D12 /* TestStaging.swift in Sources */ = {isa = PBXBuildFile; fileRef = 20A37BEC2272E1E100850D12 /* TestStaging.swift */; };
		20AFB33B2265B77000A3ECC0 /* TestHead.swift in Sources */ = {isa = PBXBuildFile; fileRef = 20AFB33A2265B77000A3ECC0 /* TestHead.swift */; };
		20AFB33D2265BA7800A3ECC0 /* TestCommit.swift in Sources */ = {isa = PBXBuildFile; fileRef = 20AFB33C2265BA7800A3ECC0 /* TestCommit.swift */; };
		20AFB33F2265DA5200A3ECC0 /* TestTree.swift in Sources */ = {isa = PBXBuildFile; fileRef = 20AFB33E2265DA5200A3ECC0 /* TestTree.swift */; };
		20B3E200228831C3009D132C /* TestRest.swift in Sources */ = {isa = PBXBuildFile; fileRef = 20B3E1FF228831C3009D132C /* TestRest.swift */; };
		20B8327F22703C9200773058 /* tree4 in Resources */ = {isa = PBXBuildFile; fileRef = 20B8327E22703C9200773058 /* tree4 */; };
		20B83281227043D000773058 /* index4 in Resources */ = {isa = PBXBuildFile; fileRef = 20B83280227043CF00773058 /* index4 */; };
		20B8328322709EA700773058 /* Mac.xcassets in Resources */ = {isa = PBXBuildFile; fileRef = 20B8328222709EA700773058 /* Mac.xcassets */; };
		20BB9F8222802152002DDF7B /* iOS.xcassets in Resources */ = {isa = PBXBuildFile; fileRef = 20BB9F8122802152002DDF7B /* iOS.xcassets */; };
		20BB9F8422802A61002DDF7B /* Display.swift in Sources */ = {isa = PBXBuildFile; fileRef = 20BB9F8322802A61002DDF7B /* Display.swift */; };
		20BB9F8622802D8A002DDF7B /* Sheet.swift in Sources */ = {isa = PBXBuildFile; fileRef = 20BB9F8522802D8A002DDF7B /* Sheet.swift */; };
		20BB9F8822802DBD002DDF7B /* Extensions.swift in Sources */ = {isa = PBXBuildFile; fileRef = 20BB9F8722802DBD002DDF7B /* Extensions.swift */; };
		20BB9F8A22802EA5002DDF7B /* Onboard.swift in Sources */ = {isa = PBXBuildFile; fileRef = 20BB9F8922802EA5002DDF7B /* Onboard.swift */; };
		20C21CCC2288113C0038466A /* Fetch.swift in Sources */ = {isa = PBXBuildFile; fileRef = 20C21CCB2288113C0038466A /* Fetch.swift */; };
		20C21CCD2288113C0038466A /* Fetch.swift in Sources */ = {isa = PBXBuildFile; fileRef = 20C21CCB2288113C0038466A /* Fetch.swift */; };
		20C21CCF228811780038466A /* fetchPull0 in Resources */ = {isa = PBXBuildFile; fileRef = 20C21CCE228811780038466A /* fetchPull0 */; };
		20C21CD12288119E0038466A /* TestFetch.swift in Sources */ = {isa = PBXBuildFile; fileRef = 20C21CD02288119E0038466A /* TestFetch.swift */; };
		20C21CD32288186A0038466A /* TestClone.swift in Sources */ = {isa = PBXBuildFile; fileRef = 20C21CD22288186A0038466A /* TestClone.swift */; };
		20C21CD5228818730038466A /* MockRest.swift in Sources */ = {isa = PBXBuildFile; fileRef = 20C21CD4228818730038466A /* MockRest.swift */; };
		20CA59C4226F2EA90040992D /* tree3 in Resources */ = {isa = PBXBuildFile; fileRef = 20CA59C3226F2EA90040992D /* tree3 */; };
		20CB671A226071CA0064C31C /* Shared.swift in Sources */ = {isa = PBXBuildFile; fileRef = 20CB6719226071CA0064C31C /* Shared.swift */; };
		20CB671B226071CA0064C31C /* Shared.swift in Sources */ = {isa = PBXBuildFile; fileRef = 20CB6719226071CA0064C31C /* Shared.swift */; };
		20CB671F2260857E0064C31C /* Shared.xcassets in Resources */ = {isa = PBXBuildFile; fileRef = 20CB671E2260857E0064C31C /* Shared.xcassets */; };
		20CB67202260857E0064C31C /* Shared.xcassets in Resources */ = {isa = PBXBuildFile; fileRef = 20CB671E2260857E0064C31C /* Shared.xcassets */; };
		20E0989E22817B410061123C /* Bar.swift in Sources */ = {isa = PBXBuildFile; fileRef = 20E0989D22817B410061123C /* Bar.swift */; };
		20E098A022819D060061123C /* Create.swift in Sources */ = {isa = PBXBuildFile; fileRef = 20E0989F22819D060061123C /* Create.swift */; };
		20E76BE6225E264300E023D8 /* compressed0 in Resources */ = {isa = PBXBuildFile; fileRef = 20E76BE5225E264300E023D8 /* compressed0 */; };
		20EB2504227711E20043EBD2 /* Session.swift in Sources */ = {isa = PBXBuildFile; fileRef = 20EB2503227711E20043EBD2 /* Session.swift */; };
		20EB2505227711E20043EBD2 /* Session.swift in Sources */ = {isa = PBXBuildFile; fileRef = 20EB2503227711E20043EBD2 /* Session.swift */; };
		20EB2507227713010043EBD2 /* TestSession.swift in Sources */ = {isa = PBXBuildFile; fileRef = 20EB2506227713010043EBD2 /* TestSession.swift */; };
		20FFDF792282C27900226033 /* Tools.swift in Sources */ = {isa = PBXBuildFile; fileRef = 20FFDF782282C27900226033 /* Tools.swift */; };
		20FFDF7D2282CD7C00226033 /* List.swift in Sources */ = {isa = PBXBuildFile; fileRef = 20FFDF7C2282CD7C00226033 /* List.swift */; };
		20FFDF7F2282E04600226033 /* Log.swift in Sources */ = {isa = PBXBuildFile; fileRef = 20FFDF7E2282E04600226033 /* Log.swift */; };
		20FFDF812282E05D00226033 /* Commit.swift in Sources */ = {isa = PBXBuildFile; fileRef = 20FFDF802282E05D00226033 /* Commit.swift */; };
		20FFDF832282EF0500226033 /* Credentials.swift in Sources */ = {isa = PBXBuildFile; fileRef = 20FFDF822282EF0500226033 /* Credentials.swift */; };
		CE02C30C22A2B3180022DE9B /* config0 in Resources */ = {isa = PBXBuildFile; fileRef = CE02C30B22A2B3170022DE9B /* config0 */; };
		CE02C30E22A2B3250022DE9B /* TestConfig.swift in Sources */ = {isa = PBXBuildFile; fileRef = CE02C30D22A2B3250022DE9B /* TestConfig.swift */; };
		CE02C31022A2B3C90022DE9B /* Config.swift in Sources */ = {isa = PBXBuildFile; fileRef = CE02C30F22A2B3C90022DE9B /* Config.swift */; };
		CE02C31122A2B3C90022DE9B /* Config.swift in Sources */ = {isa = PBXBuildFile; fileRef = CE02C30F22A2B3C90022DE9B /* Config.swift */; };
		CE29D7BA229D4F9B00C257BF /* History.swift in Sources */ = {isa = PBXBuildFile; fileRef = CE29D7B9229D4F9B00C257BF /* History.swift */; };
		CE30748A22ABBA000010017C /* TestPush.swift in Sources */ = {isa = PBXBuildFile; fileRef = CE30748922ABBA000010017C /* TestPush.swift */; };
		CE30748C22ABC4BF0010017C /* fetchPush0 in Resources */ = {isa = PBXBuildFile; fileRef = CE30748B22ABC4BF0010017C /* fetchPush0 */; };
		CE32EFD1229FFF1400BC3901 /* Cloud.swift in Sources */ = {isa = PBXBuildFile; fileRef = CE32EFCF229FFE2400BC3901 /* Cloud.swift */; };
		CE4B5C7222A7AC5700355E81 /* fetch2 in Resources */ = {isa = PBXBuildFile; fileRef = CE4B5C7122A7AC5600355E81 /* fetch2 */; };
		CE4B5C7422A7B7FE00355E81 /* fetch3 in Resources */ = {isa = PBXBuildFile; fileRef = CE4B5C7322A7B7FD00355E81 /* fetch3 */; };
		CE4B5C7622A7C44800355E81 /* TestMerge.swift in Sources */ = {isa = PBXBuildFile; fileRef = CE4B5C7522A7C44800355E81 /* TestMerge.swift */; };
		CE7169B022A796A500730F66 /* Merger.swift in Sources */ = {isa = PBXBuildFile; fileRef = CE7169AF22A796A500730F66 /* Merger.swift */; };
		CE7169B122A796A500730F66 /* Merger.swift in Sources */ = {isa = PBXBuildFile; fileRef = CE7169AF22A796A500730F66 /* Merger.swift */; };
		CE7B8BF02291431700396AB1 /* pack-1.pack in Resources */ = {isa = PBXBuildFile; fileRef = CE7B8BEE2291431700396AB1 /* pack-1.pack */; };
		CE7B8BF12291431700396AB1 /* pack-1.idx in Resources */ = {isa = PBXBuildFile; fileRef = CE7B8BEF2291431700396AB1 /* pack-1.idx */; };
		CE7B8BF322917A1C00396AB1 /* Content.swift in Sources */ = {isa = PBXBuildFile; fileRef = CE7B8BF222917A1C00396AB1 /* Content.swift */; };
		CE7B8BF422917A1C00396AB1 /* Content.swift in Sources */ = {isa = PBXBuildFile; fileRef = CE7B8BF222917A1C00396AB1 /* Content.swift */; };
		CE7B8BF622917ACA00396AB1 /* Head.swift in Sources */ = {isa = PBXBuildFile; fileRef = CE7B8BF522917ACA00396AB1 /* Head.swift */; };
		CE7B8BF722917ACA00396AB1 /* Head.swift in Sources */ = {isa = PBXBuildFile; fileRef = CE7B8BF522917ACA00396AB1 /* Head.swift */; };
		CE89826022904EB300E9F41F /* Reset.swift in Sources */ = {isa = PBXBuildFile; fileRef = CE89825F22904EB300E9F41F /* Reset.swift */; };
		CE8982622290560000E9F41F /* Reset.swift in Sources */ = {isa = PBXBuildFile; fileRef = CE8982612290560000E9F41F /* Reset.swift */; };
		CE9AA0FC2299269C00CAFA91 /* pack-2.pack in Resources */ = {isa = PBXBuildFile; fileRef = CE9AA0FA2299269C00CAFA91 /* pack-2.pack */; };
		CE9AA0FD2299269C00CAFA91 /* pack-2.idx in Resources */ = {isa = PBXBuildFile; fileRef = CE9AA0FB2299269C00CAFA91 /* pack-2.idx */; };
		CE9F575D22A50BB300CC89CE /* TestPull.swift in Sources */ = {isa = PBXBuildFile; fileRef = CE9F575C22A50BB300CC89CE /* TestPull.swift */; };
		CE9F575F22A5361300CC89CE /* TestCheckout.swift in Sources */ = {isa = PBXBuildFile; fileRef = CE9F575E22A5361300CC89CE /* TestCheckout.swift */; };
		CEA4C582229BF29A0057CEFE /* About.swift in Sources */ = {isa = PBXBuildFile; fileRef = CEA4C581229BF29A0057CEFE /* About.swift */; };
		CEA4C584229BF98F0057CEFE /* Help.swift in Sources */ = {isa = PBXBuildFile; fileRef = CEA4C583229BF98F0057CEFE /* Help.swift */; };
		CEAE6CBF22A26BFE001E1AE1 /* Factory.swift in Sources */ = {isa = PBXBuildFile; fileRef = CEAE6CBE22A26BFE001E1AE1 /* Factory.swift */; };
		CEAE6CC022A26BFE001E1AE1 /* Factory.swift in Sources */ = {isa = PBXBuildFile; fileRef = CEAE6CBE22A26BFE001E1AE1 /* Factory.swift */; };
		CEAE6CC222A28062001E1AE1 /* History.swift in Sources */ = {isa = PBXBuildFile; fileRef = CEAE6CC122A28062001E1AE1 /* History.swift */; };
		CEAE6CC322A28062001E1AE1 /* History.swift in Sources */ = {isa = PBXBuildFile; fileRef = CEAE6CC122A28062001E1AE1 /* History.swift */; };
		CEC1AC8922AD325400526588 /* TestRepack.swift in Sources */ = {isa = PBXBuildFile; fileRef = CEC1AC8822AD325400526588 /* TestRepack.swift */; };
		CEC67672229D0D5D00B6AFEF /* Add.swift in Sources */ = {isa = PBXBuildFile; fileRef = CEC67671229D0D5D00B6AFEF /* Add.swift */; };
		CEC67674229D26F700B6AFEF /* Settings.swift in Sources */ = {isa = PBXBuildFile; fileRef = CEC67673229D26F700B6AFEF /* Settings.swift */; };
		CED676C6228E820E009D6ADC /* TestReset.swift in Sources */ = {isa = PBXBuildFile; fileRef = CED676C5228E820E009D6ADC /* TestReset.swift */; };
		CED676C8228E840C009D6ADC /* Check.swift in Sources */ = {isa = PBXBuildFile; fileRef = CED676C7228E840C009D6ADC /* Check.swift */; };
		CED676C9228E840C009D6ADC /* Check.swift in Sources */ = {isa = PBXBuildFile; fileRef = CED676C7228E840C009D6ADC /* Check.swift */; };
		CED7E396229E9BB1003B8721 /* Alert.swift in Sources */ = {isa = PBXBuildFile; fileRef = CED7E395229E9BB1003B8721 /* Alert.swift */; };
		CEE6A9602292782F00977743 /* packed-refs0 in Resources */ = {isa = PBXBuildFile; fileRef = CEE6A95F2292782F00977743 /* packed-refs0 */; };
		CEE6A9622292785E00977743 /* TestUnpack.swift in Sources */ = {isa = PBXBuildFile; fileRef = CEE6A9612292785E00977743 /* TestUnpack.swift */; };
		CEE6A964229280FD00977743 /* Packer.swift in Sources */ = {isa = PBXBuildFile; fileRef = CEE6A963229280FD00977743 /* Packer.swift */; };
		CEE6A965229280FD00977743 /* Packer.swift in Sources */ = {isa = PBXBuildFile; fileRef = CEE6A963229280FD00977743 /* Packer.swift */; };
		CEE6A96722928D7100977743 /* TestRefresh.swift in Sources */ = {isa = PBXBuildFile; fileRef = CEE6A96622928D7100977743 /* TestRefresh.swift */; };
		CEE6A9692292998000977743 /* TestRestoreIndex.swift in Sources */ = {isa = PBXBuildFile; fileRef = CEE6A9682292998000977743 /* TestRestoreIndex.swift */; };
/* End PBXBuildFile section */

/* Begin PBXCopyFilesBuildPhase section */
		20F6E09F225C72AC00418216 /* CopyFiles */ = {
			isa = PBXCopyFilesBuildPhase;
			buildActionMask = 2147483647;
			dstPath = "include/$(PRODUCT_NAME)";
			dstSubfolderSpec = 16;
			files = (
			);
			runOnlyForDeploymentPostprocessing = 0;
		};
/* End PBXCopyFilesBuildPhase section */

/* Begin PBXFileReference section */
		2048A0CC225C744400290E54 /* Failure.swift */ = {isa = PBXFileReference; fileEncoding = 4; lastKnownFileType = sourcecode.swift; path = Failure.swift; sourceTree = "<group>"; };
		2048A0CD225C744400290E54 /* Hash.swift */ = {isa = PBXFileReference; fileEncoding = 4; lastKnownFileType = sourcecode.swift; path = Hash.swift; sourceTree = "<group>"; };
		2048A0CE225C744400290E54 /* Index.swift */ = {isa = PBXFileReference; fileEncoding = 4; lastKnownFileType = sourcecode.swift; path = Index.swift; sourceTree = "<group>"; };
		2048A0CF225C744400290E54 /* Commit.swift */ = {isa = PBXFileReference; fileEncoding = 4; lastKnownFileType = sourcecode.swift; path = Commit.swift; sourceTree = "<group>"; };
		2048A0D0225C744400290E54 /* Serial.swift */ = {isa = PBXFileReference; fileEncoding = 4; lastKnownFileType = sourcecode.swift; path = Serial.swift; sourceTree = "<group>"; };
		2048A0D1225C744400290E54 /* Press.swift */ = {isa = PBXFileReference; fileEncoding = 4; lastKnownFileType = sourcecode.swift; path = Press.swift; sourceTree = "<group>"; };
		2048A0D2225C744400290E54 /* Repository.swift */ = {isa = PBXFileReference; fileEncoding = 4; lastKnownFileType = sourcecode.swift; path = Repository.swift; sourceTree = "<group>"; };
		2048A0D3225C744400290E54 /* Tree.swift */ = {isa = PBXFileReference; fileEncoding = 4; lastKnownFileType = sourcecode.swift; path = Tree.swift; sourceTree = "<group>"; };
		2048A0D4225C744400290E54 /* Status.swift */ = {isa = PBXFileReference; fileEncoding = 4; lastKnownFileType = sourcecode.swift; path = Status.swift; sourceTree = "<group>"; };
		2048A0D5225C744400290E54 /* Hub.swift */ = {isa = PBXFileReference; fileEncoding = 4; lastKnownFileType = sourcecode.swift; path = Hub.swift; sourceTree = "<group>"; };
		2048A0D6225C744400290E54 /* Parse.swift */ = {isa = PBXFileReference; fileEncoding = 4; lastKnownFileType = sourcecode.swift; path = Parse.swift; sourceTree = "<group>"; };
		2048A0D8225C744400290E54 /* Tests.xctest */ = {isa = PBXFileReference; explicitFileType = wrapper.cfbundle; includeInIndex = 0; path = Tests.xctest; sourceTree = BUILT_PRODUCTS_DIR; };
		2048A0EF225C745100290E54 /* commit1 */ = {isa = PBXFileReference; lastKnownFileType = file; path = commit1; sourceTree = "<group>"; };
		2048A0F0225C745100290E54 /* TestIndex.swift */ = {isa = PBXFileReference; fileEncoding = 4; lastKnownFileType = sourcecode.swift; path = TestIndex.swift; sourceTree = "<group>"; };
		2048A0F1225C745100290E54 /* commit0 */ = {isa = PBXFileReference; lastKnownFileType = file; path = commit0; sourceTree = "<group>"; };
		2048A0F2225C745100290E54 /* tree1 */ = {isa = PBXFileReference; lastKnownFileType = file; path = tree1; sourceTree = "<group>"; };
		2048A0F3225C745100290E54 /* tree0 */ = {isa = PBXFileReference; lastKnownFileType = file; path = tree0; sourceTree = "<group>"; };
		2048A0F4225C745100290E54 /* TestHub.swift */ = {isa = PBXFileReference; fileEncoding = 4; lastKnownFileType = sourcecode.swift; path = TestHub.swift; sourceTree = "<group>"; };
		2048A0F5225C745100290E54 /* index1 */ = {isa = PBXFileReference; lastKnownFileType = file; path = index1; sourceTree = "<group>"; };
		2048A0F6225C745100290E54 /* TestPress.swift */ = {isa = PBXFileReference; fileEncoding = 4; lastKnownFileType = sourcecode.swift; path = TestPress.swift; sourceTree = "<group>"; };
		2048A0F7225C745100290E54 /* index0 */ = {isa = PBXFileReference; lastKnownFileType = file; path = index0; sourceTree = "<group>"; };
		2048A0F8225C745100290E54 /* TestHash.swift */ = {isa = PBXFileReference; fileEncoding = 4; lastKnownFileType = sourcecode.swift; path = TestHash.swift; sourceTree = "<group>"; };
		2048A0F9225C745100290E54 /* Tests.plist */ = {isa = PBXFileReference; fileEncoding = 4; lastKnownFileType = text.plist.xml; path = Tests.plist; sourceTree = "<group>"; };
		2048A0FA225C745100290E54 /* TestAdd.swift */ = {isa = PBXFileReference; fileEncoding = 4; lastKnownFileType = sourcecode.swift; path = TestAdd.swift; sourceTree = "<group>"; };
		2048A0FB225C745100290E54 /* blob0 */ = {isa = PBXFileReference; lastKnownFileType = file; path = blob0; sourceTree = "<group>"; };
		2048A0FC225C745100290E54 /* tree2 */ = {isa = PBXFileReference; lastKnownFileType = file; path = tree2; sourceTree = "<group>"; };
		2048A0FD225C745100290E54 /* TestStatus.swift */ = {isa = PBXFileReference; fileEncoding = 4; lastKnownFileType = sourcecode.swift; path = TestStatus.swift; sourceTree = "<group>"; };
		2048A0FE225C745100290E54 /* index2 */ = {isa = PBXFileReference; lastKnownFileType = file; path = index2; sourceTree = "<group>"; };
		2048A0FF225C745100290E54 /* index3 */ = {isa = PBXFileReference; lastKnownFileType = file; path = index3; sourceTree = "<group>"; };
		2048A113225C746200290E54 /* en */ = {isa = PBXFileReference; lastKnownFileType = text.plist.strings; name = en; path = en.lproj/Localizable.strings; sourceTree = "<group>"; };
		2048A114225C746200290E54 /* SFMono-Light.otf */ = {isa = PBXFileReference; lastKnownFileType = file; path = "SFMono-Light.otf"; sourceTree = "<group>"; };
		2048A115225C746200290E54 /* SFMono-Bold.otf */ = {isa = PBXFileReference; lastKnownFileType = file; path = "SFMono-Bold.otf"; sourceTree = "<group>"; };
		2048A124225C748900290E54 /* iOS.storyboard */ = {isa = PBXFileReference; fileEncoding = 4; lastKnownFileType = file.storyboard; path = iOS.storyboard; sourceTree = "<group>"; };
		2048A125225C748900290E54 /* iOS.plist */ = {isa = PBXFileReference; fileEncoding = 4; lastKnownFileType = text.plist.xml; path = iOS.plist; sourceTree = "<group>"; };
		2048A126225C748900290E54 /* App.swift */ = {isa = PBXFileReference; fileEncoding = 4; lastKnownFileType = sourcecode.swift; path = App.swift; sourceTree = "<group>"; };
		2048A12B225C749200290E54 /* Mac.entitlements */ = {isa = PBXFileReference; fileEncoding = 4; lastKnownFileType = text.plist.entitlements; path = Mac.entitlements; sourceTree = "<group>"; };
		2048A12E225C749200290E54 /* Extensions.swift */ = {isa = PBXFileReference; fileEncoding = 4; lastKnownFileType = sourcecode.swift; path = Extensions.swift; sourceTree = "<group>"; };
		2048A12F225C749200290E54 /* Mac.plist */ = {isa = PBXFileReference; fileEncoding = 4; lastKnownFileType = text.plist.xml; path = Mac.plist; sourceTree = "<group>"; };
		2048A130225C749200290E54 /* App.swift */ = {isa = PBXFileReference; fileEncoding = 4; lastKnownFileType = sourcecode.swift; path = App.swift; sourceTree = "<group>"; };
		2048A131225C749200290E54 /* Button.swift */ = {isa = PBXFileReference; fileEncoding = 4; lastKnownFileType = sourcecode.swift; path = Button.swift; sourceTree = "<group>"; };
		2048A138225C74A300290E54 /* .gitignore */ = {isa = PBXFileReference; lastKnownFileType = text; path = .gitignore; sourceTree = "<group>"; };
		2048A139225C74A300290E54 /* LICENSE */ = {isa = PBXFileReference; lastKnownFileType = text; path = LICENSE; sourceTree = "<group>"; };
		2048A13A225C74A300290E54 /* README.md */ = {isa = PBXFileReference; lastKnownFileType = net.daringfireball.markdown; path = README.md; sourceTree = "<group>"; };
		204C754822894801007327D5 /* commit2 */ = {isa = PBXFileReference; lastKnownFileType = file; path = commit2; sourceTree = "<group>"; };
		204C754A22899784007327D5 /* fetch0 */ = {isa = PBXFileReference; lastKnownFileType = file; path = fetch0; sourceTree = "<group>"; };
		2051FAB6225C78CF00BC00BC /* libGit.a */ = {isa = PBXFileReference; explicitFileType = archive.ar; includeInIndex = 0; path = libGit.a; sourceTree = BUILT_PRODUCTS_DIR; };
		2051FAB7225C78D000BC00BC /* libGit.a */ = {isa = PBXFileReference; explicitFileType = archive.ar; includeInIndex = 0; path = libGit.a; sourceTree = BUILT_PRODUCTS_DIR; };
		2051FAB8225C78D000BC00BC /* Git.app */ = {isa = PBXFileReference; explicitFileType = wrapper.application; includeInIndex = 0; path = Git.app; sourceTree = BUILT_PRODUCTS_DIR; };
		2051FAB9225C78D000BC00BC /* Git.app */ = {isa = PBXFileReference; explicitFileType = wrapper.application; includeInIndex = 0; path = Git.app; sourceTree = BUILT_PRODUCTS_DIR; };
		2055EFDB2276C9C000658C04 /* Home.swift */ = {isa = PBXFileReference; lastKnownFileType = sourcecode.swift; path = Home.swift; sourceTree = "<group>"; };
		205CF270227ABE49002BDAE0 /* TestRepository.swift */ = {isa = PBXFileReference; lastKnownFileType = sourcecode.swift; path = TestRepository.swift; sourceTree = "<group>"; };
		205FF458227C22B80085E4F4 /* Stage.swift */ = {isa = PBXFileReference; lastKnownFileType = sourcecode.swift; path = Stage.swift; sourceTree = "<group>"; };
		20671BE8226C70A700A74B7E /* TestList.swift */ = {isa = PBXFileReference; lastKnownFileType = sourcecode.swift; path = TestList.swift; sourceTree = "<group>"; };
		20671BEA226C79E900A74B7E /* Ignore.swift */ = {isa = PBXFileReference; lastKnownFileType = sourcecode.swift; path = Ignore.swift; sourceTree = "<group>"; };
		20671BED226C7A0000A74B7E /* TestIgnore.swift */ = {isa = PBXFileReference; lastKnownFileType = sourcecode.swift; path = TestIgnore.swift; sourceTree = "<group>"; };
		206F2E582275BD090058DA7E /* TestContents.swift */ = {isa = PBXFileReference; lastKnownFileType = sourcecode.swift; path = TestContents.swift; sourceTree = "<group>"; };
		206F2E5D2275DDFD0058DA7E /* TestPack.swift */ = {isa = PBXFileReference; lastKnownFileType = sourcecode.swift; path = TestPack.swift; sourceTree = "<group>"; };
		206F2E5F2275DE840058DA7E /* pack-0.idx */ = {isa = PBXFileReference; lastKnownFileType = file; path = "pack-0.idx"; sourceTree = "<group>"; };
		206F2E602275DE840058DA7E /* pack-0.pack */ = {isa = PBXFileReference; lastKnownFileType = file; path = "pack-0.pack"; sourceTree = "<group>"; };
		206F2E632275E7E50058DA7E /* Pack.swift */ = {isa = PBXFileReference; lastKnownFileType = sourcecode.swift; path = Pack.swift; sourceTree = "<group>"; };
		20710E072286CA6A00104F72 /* Rest.swift */ = {isa = PBXFileReference; lastKnownFileType = sourcecode.swift; path = Rest.swift; sourceTree = "<group>"; };
		2073D8762267283E00631BCB /* Dispatch.swift */ = {isa = PBXFileReference; lastKnownFileType = sourcecode.swift; path = Dispatch.swift; sourceTree = "<group>"; };
		2075D19F227DD2EC0004D098 /* TestLog.swift */ = {isa = PBXFileReference; lastKnownFileType = sourcecode.swift; path = TestLog.swift; sourceTree = "<group>"; };
		208D223D228AD12F009AFF08 /* fetch1 */ = {isa = PBXFileReference; lastKnownFileType = file; path = fetch1; sourceTree = "<group>"; };
		20948B792271985B00B1987D /* User.swift */ = {isa = PBXFileReference; lastKnownFileType = sourcecode.swift; path = User.swift; sourceTree = "<group>"; };
		20948B7D2271987E00B1987D /* TestUser.swift */ = {isa = PBXFileReference; lastKnownFileType = sourcecode.swift; path = TestUser.swift; sourceTree = "<group>"; };
		2094C10C228C03010078FC6C /* commit3 */ = {isa = PBXFileReference; lastKnownFileType = file; path = commit3; sourceTree = "<group>"; };
		209ACF2C2282ABE4001F3523 /* Alert.swift */ = {isa = PBXFileReference; lastKnownFileType = sourcecode.swift; path = Alert.swift; sourceTree = "<group>"; };
		209ACF2E2282ACB9001F3523 /* View.swift */ = {isa = PBXFileReference; lastKnownFileType = sourcecode.swift; path = View.swift; sourceTree = "<group>"; };
		20A37BEC2272E1E100850D12 /* TestStaging.swift */ = {isa = PBXFileReference; lastKnownFileType = sourcecode.swift; path = TestStaging.swift; sourceTree = "<group>"; };
		20AFB33A2265B77000A3ECC0 /* TestHead.swift */ = {isa = PBXFileReference; lastKnownFileType = sourcecode.swift; path = TestHead.swift; sourceTree = "<group>"; };
		20AFB33C2265BA7800A3ECC0 /* TestCommit.swift */ = {isa = PBXFileReference; lastKnownFileType = sourcecode.swift; path = TestCommit.swift; sourceTree = "<group>"; };
		20AFB33E2265DA5200A3ECC0 /* TestTree.swift */ = {isa = PBXFileReference; lastKnownFileType = sourcecode.swift; path = TestTree.swift; sourceTree = "<group>"; };
		20B3E1FF228831C3009D132C /* TestRest.swift */ = {isa = PBXFileReference; lastKnownFileType = sourcecode.swift; path = TestRest.swift; sourceTree = "<group>"; };
		20B8327E22703C9200773058 /* tree4 */ = {isa = PBXFileReference; lastKnownFileType = file; path = tree4; sourceTree = "<group>"; };
		20B83280227043CF00773058 /* index4 */ = {isa = PBXFileReference; lastKnownFileType = file; path = index4; sourceTree = "<group>"; };
		20B8328222709EA700773058 /* Mac.xcassets */ = {isa = PBXFileReference; lastKnownFileType = folder.assetcatalog; path = Mac.xcassets; sourceTree = "<group>"; };
		20BB9F8122802152002DDF7B /* iOS.xcassets */ = {isa = PBXFileReference; lastKnownFileType = folder.assetcatalog; path = iOS.xcassets; sourceTree = "<group>"; };
		20BB9F8322802A61002DDF7B /* Display.swift */ = {isa = PBXFileReference; lastKnownFileType = sourcecode.swift; path = Display.swift; sourceTree = "<group>"; };
		20BB9F8522802D8A002DDF7B /* Sheet.swift */ = {isa = PBXFileReference; lastKnownFileType = sourcecode.swift; path = Sheet.swift; sourceTree = "<group>"; };
		20BB9F8722802DBD002DDF7B /* Extensions.swift */ = {isa = PBXFileReference; lastKnownFileType = sourcecode.swift; path = Extensions.swift; sourceTree = "<group>"; };
		20BB9F8922802EA5002DDF7B /* Onboard.swift */ = {isa = PBXFileReference; lastKnownFileType = sourcecode.swift; path = Onboard.swift; sourceTree = "<group>"; };
		20C21CCB2288113C0038466A /* Fetch.swift */ = {isa = PBXFileReference; lastKnownFileType = sourcecode.swift; path = Fetch.swift; sourceTree = "<group>"; };
		20C21CCE228811780038466A /* fetchPull0 */ = {isa = PBXFileReference; lastKnownFileType = file; path = fetchPull0; sourceTree = "<group>"; };
		20C21CD02288119E0038466A /* TestFetch.swift */ = {isa = PBXFileReference; lastKnownFileType = sourcecode.swift; path = TestFetch.swift; sourceTree = "<group>"; };
		20C21CD22288186A0038466A /* TestClone.swift */ = {isa = PBXFileReference; lastKnownFileType = sourcecode.swift; path = TestClone.swift; sourceTree = "<group>"; };
		20C21CD4228818730038466A /* MockRest.swift */ = {isa = PBXFileReference; lastKnownFileType = sourcecode.swift; path = MockRest.swift; sourceTree = "<group>"; };
		20CA59C3226F2EA90040992D /* tree3 */ = {isa = PBXFileReference; lastKnownFileType = file; path = tree3; sourceTree = "<group>"; };
		20CB6719226071CA0064C31C /* Shared.swift */ = {isa = PBXFileReference; lastKnownFileType = sourcecode.swift; path = Shared.swift; sourceTree = "<group>"; };
		20CB671E2260857E0064C31C /* Shared.xcassets */ = {isa = PBXFileReference; lastKnownFileType = folder.assetcatalog; path = Shared.xcassets; sourceTree = "<group>"; };
		20CCE743226214270014CAC9 /* Git.sketch */ = {isa = PBXFileReference; lastKnownFileType = file; path = Git.sketch; sourceTree = "<group>"; };
		20E0989D22817B410061123C /* Bar.swift */ = {isa = PBXFileReference; lastKnownFileType = sourcecode.swift; path = Bar.swift; sourceTree = "<group>"; };
		20E0989F22819D060061123C /* Create.swift */ = {isa = PBXFileReference; lastKnownFileType = sourcecode.swift; path = Create.swift; sourceTree = "<group>"; };
		20E76BE5225E264300E023D8 /* compressed0 */ = {isa = PBXFileReference; lastKnownFileType = file; path = compressed0; sourceTree = "<group>"; };
		20EB2503227711E20043EBD2 /* Session.swift */ = {isa = PBXFileReference; lastKnownFileType = sourcecode.swift; path = Session.swift; sourceTree = "<group>"; };
		20EB2506227713010043EBD2 /* TestSession.swift */ = {isa = PBXFileReference; lastKnownFileType = sourcecode.swift; path = TestSession.swift; sourceTree = "<group>"; };
		20FFDF782282C27900226033 /* Tools.swift */ = {isa = PBXFileReference; lastKnownFileType = sourcecode.swift; path = Tools.swift; sourceTree = "<group>"; };
		20FFDF7C2282CD7C00226033 /* List.swift */ = {isa = PBXFileReference; lastKnownFileType = sourcecode.swift; path = List.swift; sourceTree = "<group>"; };
		20FFDF7E2282E04600226033 /* Log.swift */ = {isa = PBXFileReference; lastKnownFileType = sourcecode.swift; path = Log.swift; sourceTree = "<group>"; };
		20FFDF802282E05D00226033 /* Commit.swift */ = {isa = PBXFileReference; lastKnownFileType = sourcecode.swift; path = Commit.swift; sourceTree = "<group>"; };
		20FFDF822282EF0500226033 /* Credentials.swift */ = {isa = PBXFileReference; lastKnownFileType = sourcecode.swift; path = Credentials.swift; sourceTree = "<group>"; };
		CE02C30B22A2B3170022DE9B /* config0 */ = {isa = PBXFileReference; fileEncoding = 4; lastKnownFileType = text; path = config0; sourceTree = "<group>"; };
		CE02C30D22A2B3250022DE9B /* TestConfig.swift */ = {isa = PBXFileReference; lastKnownFileType = sourcecode.swift; path = TestConfig.swift; sourceTree = "<group>"; };
		CE02C30F22A2B3C90022DE9B /* Config.swift */ = {isa = PBXFileReference; lastKnownFileType = sourcecode.swift; path = Config.swift; sourceTree = "<group>"; };
		CE29D7B9229D4F9B00C257BF /* History.swift */ = {isa = PBXFileReference; lastKnownFileType = sourcecode.swift; path = History.swift; sourceTree = "<group>"; };
		CE30748922ABBA000010017C /* TestPush.swift */ = {isa = PBXFileReference; lastKnownFileType = sourcecode.swift; path = TestPush.swift; sourceTree = "<group>"; };
		CE30748B22ABC4BF0010017C /* fetchPush0 */ = {isa = PBXFileReference; lastKnownFileType = file; path = fetchPush0; sourceTree = "<group>"; };
		CE32EFCF229FFE2400BC3901 /* Cloud.swift */ = {isa = PBXFileReference; lastKnownFileType = sourcecode.swift; path = Cloud.swift; sourceTree = "<group>"; };
		CE4B5C7122A7AC5600355E81 /* fetch2 */ = {isa = PBXFileReference; lastKnownFileType = file; path = fetch2; sourceTree = "<group>"; };
		CE4B5C7322A7B7FD00355E81 /* fetch3 */ = {isa = PBXFileReference; lastKnownFileType = file; path = fetch3; sourceTree = "<group>"; };
		CE4B5C7522A7C44800355E81 /* TestMerge.swift */ = {isa = PBXFileReference; lastKnownFileType = sourcecode.swift; path = TestMerge.swift; sourceTree = "<group>"; };
		CE7169AF22A796A500730F66 /* Merger.swift */ = {isa = PBXFileReference; lastKnownFileType = sourcecode.swift; path = Merger.swift; sourceTree = "<group>"; };
		CE7B8BEE2291431700396AB1 /* pack-1.pack */ = {isa = PBXFileReference; lastKnownFileType = file; path = "pack-1.pack"; sourceTree = "<group>"; };
		CE7B8BEF2291431700396AB1 /* pack-1.idx */ = {isa = PBXFileReference; lastKnownFileType = file; path = "pack-1.idx"; sourceTree = "<group>"; };
		CE7B8BF222917A1C00396AB1 /* Content.swift */ = {isa = PBXFileReference; lastKnownFileType = sourcecode.swift; path = Content.swift; sourceTree = "<group>"; };
		CE7B8BF522917ACA00396AB1 /* Head.swift */ = {isa = PBXFileReference; lastKnownFileType = sourcecode.swift; path = Head.swift; sourceTree = "<group>"; };
		CE89825F22904EB300E9F41F /* Reset.swift */ = {isa = PBXFileReference; lastKnownFileType = sourcecode.swift; path = Reset.swift; sourceTree = "<group>"; };
		CE8982612290560000E9F41F /* Reset.swift */ = {isa = PBXFileReference; lastKnownFileType = sourcecode.swift; path = Reset.swift; sourceTree = "<group>"; };
		CE9AA0FA2299269C00CAFA91 /* pack-2.pack */ = {isa = PBXFileReference; lastKnownFileType = file; path = "pack-2.pack"; sourceTree = "<group>"; };
		CE9AA0FB2299269C00CAFA91 /* pack-2.idx */ = {isa = PBXFileReference; lastKnownFileType = file; path = "pack-2.idx"; sourceTree = "<group>"; };
		CE9F575C22A50BB300CC89CE /* TestPull.swift */ = {isa = PBXFileReference; lastKnownFileType = sourcecode.swift; path = TestPull.swift; sourceTree = "<group>"; };
		CE9F575E22A5361300CC89CE /* TestCheckout.swift */ = {isa = PBXFileReference; lastKnownFileType = sourcecode.swift; path = TestCheckout.swift; sourceTree = "<group>"; };
		CEA4C581229BF29A0057CEFE /* About.swift */ = {isa = PBXFileReference; lastKnownFileType = sourcecode.swift; path = About.swift; sourceTree = "<group>"; };
		CEA4C583229BF98F0057CEFE /* Help.swift */ = {isa = PBXFileReference; lastKnownFileType = sourcecode.swift; path = Help.swift; sourceTree = "<group>"; };
		CEAE6CBE22A26BFE001E1AE1 /* Factory.swift */ = {isa = PBXFileReference; lastKnownFileType = sourcecode.swift; path = Factory.swift; sourceTree = "<group>"; };
		CEAE6CC122A28062001E1AE1 /* History.swift */ = {isa = PBXFileReference; lastKnownFileType = sourcecode.swift; path = History.swift; sourceTree = "<group>"; };
		CEC1AC8822AD325400526588 /* TestRepack.swift */ = {isa = PBXFileReference; lastKnownFileType = sourcecode.swift; path = TestRepack.swift; sourceTree = "<group>"; };
		CEC67671229D0D5D00B6AFEF /* Add.swift */ = {isa = PBXFileReference; lastKnownFileType = sourcecode.swift; path = Add.swift; sourceTree = "<group>"; };
		CEC67673229D26F700B6AFEF /* Settings.swift */ = {isa = PBXFileReference; lastKnownFileType = sourcecode.swift; path = Settings.swift; sourceTree = "<group>"; };
		CED676C5228E820E009D6ADC /* TestReset.swift */ = {isa = PBXFileReference; lastKnownFileType = sourcecode.swift; path = TestReset.swift; sourceTree = "<group>"; };
		CED676C7228E840C009D6ADC /* Check.swift */ = {isa = PBXFileReference; lastKnownFileType = sourcecode.swift; path = Check.swift; sourceTree = "<group>"; };
		CED7E395229E9BB1003B8721 /* Alert.swift */ = {isa = PBXFileReference; lastKnownFileType = sourcecode.swift; path = Alert.swift; sourceTree = "<group>"; };
		CEE6A95F2292782F00977743 /* packed-refs0 */ = {isa = PBXFileReference; fileEncoding = 4; lastKnownFileType = text; path = "packed-refs0"; sourceTree = "<group>"; };
		CEE6A9612292785E00977743 /* TestUnpack.swift */ = {isa = PBXFileReference; lastKnownFileType = sourcecode.swift; path = TestUnpack.swift; sourceTree = "<group>"; };
		CEE6A963229280FD00977743 /* Packer.swift */ = {isa = PBXFileReference; lastKnownFileType = sourcecode.swift; path = Packer.swift; sourceTree = "<group>"; };
		CEE6A96622928D7100977743 /* TestRefresh.swift */ = {isa = PBXFileReference; lastKnownFileType = sourcecode.swift; path = TestRefresh.swift; sourceTree = "<group>"; };
		CEE6A9682292998000977743 /* TestRestoreIndex.swift */ = {isa = PBXFileReference; lastKnownFileType = sourcecode.swift; path = TestRestoreIndex.swift; sourceTree = "<group>"; };
/* End PBXFileReference section */

/* Begin PBXFrameworksBuildPhase section */
		20F6E091225C72A100418216 /* Frameworks */ = {
			isa = PBXFrameworksBuildPhase;
			buildActionMask = 2147483647;
			files = (
			);
			runOnlyForDeploymentPostprocessing = 0;
		};
		20F6E09E225C72AC00418216 /* Frameworks */ = {
			isa = PBXFrameworksBuildPhase;
			buildActionMask = 2147483647;
			files = (
			);
			runOnlyForDeploymentPostprocessing = 0;
		};
		20F6E0A9225C72BD00418216 /* Frameworks */ = {
			isa = PBXFrameworksBuildPhase;
			buildActionMask = 2147483647;
			files = (
				2051FABC225C78EA00BC00BC /* libGit.a in Frameworks */,
			);
			runOnlyForDeploymentPostprocessing = 0;
		};
		20F6E0B8225C732200418216 /* Frameworks */ = {
			isa = PBXFrameworksBuildPhase;
			buildActionMask = 2147483647;
			files = (
				2051FABA225C78DD00BC00BC /* libGit.a in Frameworks */,
			);
			runOnlyForDeploymentPostprocessing = 0;
		};
		20F6E0CC225C733600418216 /* Frameworks */ = {
			isa = PBXFrameworksBuildPhase;
			buildActionMask = 2147483647;
			files = (
				2051FABB225C78E300BC00BC /* libGit.a in Frameworks */,
			);
			runOnlyForDeploymentPostprocessing = 0;
		};
/* End PBXFrameworksBuildPhase section */

/* Begin PBXGroup section */
		2048A0CB225C744400290E54 /* Git */ = {
			isa = PBXGroup;
			children = (
				CED676C7228E840C009D6ADC /* Check.swift */,
				2048A0CF225C744400290E54 /* Commit.swift */,
				CE02C30F22A2B3C90022DE9B /* Config.swift */,
				CE7B8BF222917A1C00396AB1 /* Content.swift */,
				2073D8762267283E00631BCB /* Dispatch.swift */,
				CEAE6CBE22A26BFE001E1AE1 /* Factory.swift */,
				2048A0CC225C744400290E54 /* Failure.swift */,
				20C21CCB2288113C0038466A /* Fetch.swift */,
				2048A0CD225C744400290E54 /* Hash.swift */,
				CE7B8BF522917ACA00396AB1 /* Head.swift */,
				CEAE6CC122A28062001E1AE1 /* History.swift */,
				2048A0D5225C744400290E54 /* Hub.swift */,
				20671BEA226C79E900A74B7E /* Ignore.swift */,
				2048A0CE225C744400290E54 /* Index.swift */,
				CE7169AF22A796A500730F66 /* Merger.swift */,
				206F2E632275E7E50058DA7E /* Pack.swift */,
				CEE6A963229280FD00977743 /* Packer.swift */,
				2048A0D6225C744400290E54 /* Parse.swift */,
				2048A0D1225C744400290E54 /* Press.swift */,
				2048A0D2225C744400290E54 /* Repository.swift */,
				20710E072286CA6A00104F72 /* Rest.swift */,
				2048A0D0225C744400290E54 /* Serial.swift */,
				20EB2503227711E20043EBD2 /* Session.swift */,
				205FF458227C22B80085E4F4 /* Stage.swift */,
				2048A0D4225C744400290E54 /* Status.swift */,
				2048A0D3225C744400290E54 /* Tree.swift */,
				20948B792271985B00B1987D /* User.swift */,
			);
			path = Git;
			sourceTree = "<group>";
		};
		2048A0EE225C745100290E54 /* Tests */ = {
			isa = PBXGroup;
			children = (
				2048A0FB225C745100290E54 /* blob0 */,
				2048A0F1225C745100290E54 /* commit0 */,
				2048A0EF225C745100290E54 /* commit1 */,
				204C754822894801007327D5 /* commit2 */,
				2094C10C228C03010078FC6C /* commit3 */,
				20E76BE5225E264300E023D8 /* compressed0 */,
				CE02C30B22A2B3170022DE9B /* config0 */,
				204C754A22899784007327D5 /* fetch0 */,
				208D223D228AD12F009AFF08 /* fetch1 */,
				CE4B5C7122A7AC5600355E81 /* fetch2 */,
				CE4B5C7322A7B7FD00355E81 /* fetch3 */,
				20C21CCE228811780038466A /* fetchPull0 */,
				CE30748B22ABC4BF0010017C /* fetchPush0 */,
				2048A0F7225C745100290E54 /* index0 */,
				2048A0F5225C745100290E54 /* index1 */,
				2048A0FE225C745100290E54 /* index2 */,
				2048A0FF225C745100290E54 /* index3 */,
				20B83280227043CF00773058 /* index4 */,
				CEE6A95F2292782F00977743 /* packed-refs0 */,
				2048A0F3225C745100290E54 /* tree0 */,
				2048A0F2225C745100290E54 /* tree1 */,
				2048A0FC225C745100290E54 /* tree2 */,
				20CA59C3226F2EA90040992D /* tree3 */,
				20B8327E22703C9200773058 /* tree4 */,
				206F2E5F2275DE840058DA7E /* pack-0.idx */,
				CE7B8BEF2291431700396AB1 /* pack-1.idx */,
				CE9AA0FB2299269C00CAFA91 /* pack-2.idx */,
				206F2E602275DE840058DA7E /* pack-0.pack */,
				CE7B8BEE2291431700396AB1 /* pack-1.pack */,
				CE9AA0FA2299269C00CAFA91 /* pack-2.pack */,
				2048A0F9225C745100290E54 /* Tests.plist */,
				20C21CD4228818730038466A /* MockRest.swift */,
				2048A0FA225C745100290E54 /* TestAdd.swift */,
				CE9F575E22A5361300CC89CE /* TestCheckout.swift */,
				20C21CD22288186A0038466A /* TestClone.swift */,
				20AFB33C2265BA7800A3ECC0 /* TestCommit.swift */,
				CE02C30D22A2B3250022DE9B /* TestConfig.swift */,
				206F2E582275BD090058DA7E /* TestContents.swift */,
				20C21CD02288119E0038466A /* TestFetch.swift */,
				2048A0F8225C745100290E54 /* TestHash.swift */,
				20AFB33A2265B77000A3ECC0 /* TestHead.swift */,
				2048A0F4225C745100290E54 /* TestHub.swift */,
				20671BED226C7A0000A74B7E /* TestIgnore.swift */,
				2048A0F0225C745100290E54 /* TestIndex.swift */,
				20671BE8226C70A700A74B7E /* TestList.swift */,
				2075D19F227DD2EC0004D098 /* TestLog.swift */,
				CE4B5C7522A7C44800355E81 /* TestMerge.swift */,
				206F2E5D2275DDFD0058DA7E /* TestPack.swift */,
				2048A0F6225C745100290E54 /* TestPress.swift */,
				CE9F575C22A50BB300CC89CE /* TestPull.swift */,
				CE30748922ABBA000010017C /* TestPush.swift */,
				CEE6A96622928D7100977743 /* TestRefresh.swift */,
				CEC1AC8822AD325400526588 /* TestRepack.swift */,
				205CF270227ABE49002BDAE0 /* TestRepository.swift */,
				CED676C5228E820E009D6ADC /* TestReset.swift */,
				20B3E1FF228831C3009D132C /* TestRest.swift */,
				CEE6A9682292998000977743 /* TestRestoreIndex.swift */,
				20EB2506227713010043EBD2 /* TestSession.swift */,
				20A37BEC2272E1E100850D12 /* TestStaging.swift */,
				2048A0FD225C745100290E54 /* TestStatus.swift */,
				20AFB33E2265DA5200A3ECC0 /* TestTree.swift */,
				CEE6A9612292785E00977743 /* TestUnpack.swift */,
				20948B7D2271987E00B1987D /* TestUser.swift */,
			);
			path = Tests;
			sourceTree = "<group>";
		};
		2048A111225C746200290E54 /* Shared */ = {
			isa = PBXGroup;
			children = (
				2048A115225C746200290E54 /* SFMono-Bold.otf */,
				2048A114225C746200290E54 /* SFMono-Light.otf */,
				20CB6719226071CA0064C31C /* Shared.swift */,
				20CB671E2260857E0064C31C /* Shared.xcassets */,
				2048A112225C746200290E54 /* Localizable.strings */,
			);
			path = Shared;
			sourceTree = "<group>";
		};
		2048A123225C748900290E54 /* iOS */ = {
			isa = PBXGroup;
			children = (
				2048A125225C748900290E54 /* iOS.plist */,
				2048A124225C748900290E54 /* iOS.storyboard */,
				209ACF2C2282ABE4001F3523 /* Alert.swift */,
				2048A126225C748900290E54 /* App.swift */,
				20E0989D22817B410061123C /* Bar.swift */,
				20FFDF802282E05D00226033 /* Commit.swift */,
				20E0989F22819D060061123C /* Create.swift */,
				20FFDF822282EF0500226033 /* Credentials.swift */,
				20BB9F8322802A61002DDF7B /* Display.swift */,
				20BB9F8722802DBD002DDF7B /* Extensions.swift */,
				20FFDF7C2282CD7C00226033 /* List.swift */,
				20FFDF7E2282E04600226033 /* Log.swift */,
				20BB9F8922802EA5002DDF7B /* Onboard.swift */,
				CE8982612290560000E9F41F /* Reset.swift */,
				20BB9F8522802D8A002DDF7B /* Sheet.swift */,
				20FFDF782282C27900226033 /* Tools.swift */,
				209ACF2E2282ACB9001F3523 /* View.swift */,
				20BB9F8122802152002DDF7B /* iOS.xcassets */,
			);
			path = iOS;
			sourceTree = "<group>";
		};
		2048A12A225C749200290E54 /* Mac */ = {
			isa = PBXGroup;
			children = (
				2048A12B225C749200290E54 /* Mac.entitlements */,
				2048A12F225C749200290E54 /* Mac.plist */,
				CEA4C581229BF29A0057CEFE /* About.swift */,
				CEC67671229D0D5D00B6AFEF /* Add.swift */,
				CED7E395229E9BB1003B8721 /* Alert.swift */,
				2048A130225C749200290E54 /* App.swift */,
				2048A131225C749200290E54 /* Button.swift */,
				CE32EFCF229FFE2400BC3901 /* Cloud.swift */,
				2048A12E225C749200290E54 /* Extensions.swift */,
				CEA4C583229BF98F0057CEFE /* Help.swift */,
				CE29D7B9229D4F9B00C257BF /* History.swift */,
				2055EFDB2276C9C000658C04 /* Home.swift */,
				CE89825F22904EB300E9F41F /* Reset.swift */,
				CEC67673229D26F700B6AFEF /* Settings.swift */,
				20B8328222709EA700773058 /* Mac.xcassets */,
			);
			path = Mac;
			sourceTree = "<group>";
		};
		2048A13F225C778800290E54 /* Frameworks */ = {
			isa = PBXGroup;
			children = (
			);
			name = Frameworks;
			sourceTree = "<group>";
		};
		20F6E088225C729200418216 = {
			isa = PBXGroup;
			children = (
				2048A138225C74A300290E54 /* .gitignore */,
				2048A139225C74A300290E54 /* LICENSE */,
				2051FAB6225C78CF00BC00BC /* libGit.a */,
				2051FAB7225C78D000BC00BC /* libGit.a */,
				2051FAB8225C78D000BC00BC /* Git.app */,
				2051FAB9225C78D000BC00BC /* Git.app */,
				2048A13A225C74A300290E54 /* README.md */,
				20CCE743226214270014CAC9 /* Git.sketch */,
				2048A0D8225C744400290E54 /* Tests.xctest */,
				2048A13F225C778800290E54 /* Frameworks */,
				2048A0CB225C744400290E54 /* Git */,
				2048A123225C748900290E54 /* iOS */,
				2048A12A225C749200290E54 /* Mac */,
				2048A111225C746200290E54 /* Shared */,
				2048A0EE225C745100290E54 /* Tests */,
			);
			sourceTree = "<group>";
		};
/* End PBXGroup section */

/* Begin PBXHeadersBuildPhase section */
		20F6E08F225C72A100418216 /* Headers */ = {
			isa = PBXHeadersBuildPhase;
			buildActionMask = 2147483647;
			files = (
			);
			runOnlyForDeploymentPostprocessing = 0;
		};
/* End PBXHeadersBuildPhase section */

/* Begin PBXNativeTarget section */
		20F6E092225C72A100418216 /* Mac */ = {
			isa = PBXNativeTarget;
			buildConfigurationList = 20F6E09A225C72A100418216 /* Build configuration list for PBXNativeTarget "Mac" */;
			buildPhases = (
				20F6E08F225C72A100418216 /* Headers */,
				20F6E090225C72A100418216 /* Sources */,
				20F6E091225C72A100418216 /* Frameworks */,
			);
			buildRules = (
			);
			dependencies = (
			);
			name = Mac;
			productName = Mac;
			productReference = 2051FAB6225C78CF00BC00BC /* libGit.a */;
			productType = "com.apple.product-type.library.static";
		};
		20F6E0A0225C72AC00418216 /* iOS */ = {
			isa = PBXNativeTarget;
			buildConfigurationList = 20F6E0A5225C72AC00418216 /* Build configuration list for PBXNativeTarget "iOS" */;
			buildPhases = (
				20F6E09D225C72AC00418216 /* Sources */,
				20F6E09E225C72AC00418216 /* Frameworks */,
				20F6E09F225C72AC00418216 /* CopyFiles */,
			);
			buildRules = (
			);
			dependencies = (
			);
			name = iOS;
			productName = iOS;
			productReference = 2051FAB7225C78D000BC00BC /* libGit.a */;
			productType = "com.apple.product-type.library.static";
		};
		20F6E0AB225C72BD00418216 /* Tests */ = {
			isa = PBXNativeTarget;
			buildConfigurationList = 20F6E0B4225C72BD00418216 /* Build configuration list for PBXNativeTarget "Tests" */;
			buildPhases = (
				20F6E0A8225C72BD00418216 /* Sources */,
				20F6E0A9225C72BD00418216 /* Frameworks */,
				20F6E0AA225C72BD00418216 /* Resources */,
			);
			buildRules = (
			);
			dependencies = (
			);
			name = Tests;
			productName = Tests;
			productReference = 2048A0D8225C744400290E54 /* Tests.xctest */;
			productType = "com.apple.product-type.bundle.unit-test";
		};
		20F6E0BA225C732200418216 /* MacApp */ = {
			isa = PBXNativeTarget;
			buildConfigurationList = 20F6E0C8225C732400418216 /* Build configuration list for PBXNativeTarget "MacApp" */;
			buildPhases = (
				20F6E0B7225C732200418216 /* Sources */,
				20F6E0B8225C732200418216 /* Frameworks */,
				20F6E0B9225C732200418216 /* Resources */,
			);
			buildRules = (
			);
			dependencies = (
			);
			name = MacApp;
			productName = MacApp;
			productReference = 2051FAB8225C78D000BC00BC /* Git.app */;
			productType = "com.apple.product-type.application";
		};
		20F6E0CE225C733600418216 /* iOSApp */ = {
			isa = PBXNativeTarget;
			buildConfigurationList = 20F6E0DE225C733600418216 /* Build configuration list for PBXNativeTarget "iOSApp" */;
			buildPhases = (
				20F6E0CB225C733600418216 /* Sources */,
				20F6E0CC225C733600418216 /* Frameworks */,
				20F6E0CD225C733600418216 /* Resources */,
			);
			buildRules = (
			);
			dependencies = (
			);
			name = iOSApp;
			productName = iOSApp;
			productReference = 2051FAB9225C78D000BC00BC /* Git.app */;
			productType = "com.apple.product-type.application";
		};
/* End PBXNativeTarget section */

/* Begin PBXProject section */
		20F6E089225C729200418216 /* Project object */ = {
			isa = PBXProject;
			attributes = {
				LastSwiftUpdateCheck = 1020;
				LastUpgradeCheck = 1020;
				TargetAttributes = {
					20F6E092225C72A100418216 = {
						CreatedOnToolsVersion = 10.2;
					};
					20F6E0A0225C72AC00418216 = {
						CreatedOnToolsVersion = 10.2;
					};
					20F6E0AB225C72BD00418216 = {
						CreatedOnToolsVersion = 10.2;
					};
					20F6E0BA225C732200418216 = {
						CreatedOnToolsVersion = 10.2;
						SystemCapabilities = {
							com.apple.Sandbox = {
								enabled = 1;
							};
						};
					};
					20F6E0CE225C733600418216 = {
						CreatedOnToolsVersion = 10.2;
					};
				};
			};
			buildConfigurationList = 20F6E08C225C729200418216 /* Build configuration list for PBXProject "Git" */;
			compatibilityVersion = "Xcode 9.3";
			developmentRegion = en;
			hasScannedForEncodings = 0;
			knownRegions = (
				en,
				Base,
			);
			mainGroup = 20F6E088225C729200418216;
			productRefGroup = 20F6E088225C729200418216;
			projectDirPath = "";
			projectRoot = "";
			targets = (
				20F6E092225C72A100418216 /* Mac */,
				20F6E0A0225C72AC00418216 /* iOS */,
				20F6E0AB225C72BD00418216 /* Tests */,
				20F6E0BA225C732200418216 /* MacApp */,
				20F6E0CE225C733600418216 /* iOSApp */,
			);
		};
/* End PBXProject section */

/* Begin PBXResourcesBuildPhase section */
		20F6E0AA225C72BD00418216 /* Resources */ = {
			isa = PBXResourcesBuildPhase;
			buildActionMask = 2147483647;
			files = (
				CE7B8BF12291431700396AB1 /* pack-1.idx in Resources */,
				204C754922894801007327D5 /* commit2 in Resources */,
				CE4B5C7222A7AC5700355E81 /* fetch2 in Resources */,
				20CA59C4226F2EA90040992D /* tree3 in Resources */,
				CE4B5C7422A7B7FE00355E81 /* fetch3 in Resources */,
				CE02C30C22A2B3180022DE9B /* config0 in Resources */,
				206F2E612275DE840058DA7E /* pack-0.idx in Resources */,
				2048A10F225C745100290E54 /* index2 in Resources */,
				20B83281227043D000773058 /* index4 in Resources */,
				208D223E228AD12F009AFF08 /* fetch1 in Resources */,
				206F2E622275DE840058DA7E /* pack-0.pack in Resources */,
				2048A110225C745100290E54 /* index3 in Resources */,
				CEE6A9602292782F00977743 /* packed-refs0 in Resources */,
				2048A108225C745100290E54 /* index0 in Resources */,
				2094C10D228C03010078FC6C /* commit3 in Resources */,
				2048A106225C745100290E54 /* index1 in Resources */,
				20C21CCF228811780038466A /* fetchPull0 in Resources */,
				20E76BE6225E264300E023D8 /* compressed0 in Resources */,
				2048A103225C745100290E54 /* tree1 in Resources */,
				204C754B22899784007327D5 /* fetch0 in Resources */,
				CE9AA0FC2299269C00CAFA91 /* pack-2.pack in Resources */,
				2048A10C225C745100290E54 /* blob0 in Resources */,
				CE30748C22ABC4BF0010017C /* fetchPush0 in Resources */,
				CE9AA0FD2299269C00CAFA91 /* pack-2.idx in Resources */,
				2048A104225C745100290E54 /* tree0 in Resources */,
				2048A10D225C745100290E54 /* tree2 in Resources */,
				20B8327F22703C9200773058 /* tree4 in Resources */,
				CE7B8BF02291431700396AB1 /* pack-1.pack in Resources */,
				2048A102225C745100290E54 /* commit0 in Resources */,
				2048A100225C745100290E54 /* commit1 in Resources */,
			);
			runOnlyForDeploymentPostprocessing = 0;
		};
		20F6E0B9225C732200418216 /* Resources */ = {
			isa = PBXResourcesBuildPhase;
			buildActionMask = 2147483647;
			files = (
				2048A118225C746200290E54 /* SFMono-Light.otf in Resources */,
				20B8328322709EA700773058 /* Mac.xcassets in Resources */,
				20CB671F2260857E0064C31C /* Shared.xcassets in Resources */,
				2048A116225C746200290E54 /* Localizable.strings in Resources */,
				2048A11A225C746200290E54 /* SFMono-Bold.otf in Resources */,
			);
			runOnlyForDeploymentPostprocessing = 0;
		};
		20F6E0CD225C733600418216 /* Resources */ = {
			isa = PBXResourcesBuildPhase;
			buildActionMask = 2147483647;
			files = (
				2048A127225C748900290E54 /* iOS.storyboard in Resources */,
				20BB9F8222802152002DDF7B /* iOS.xcassets in Resources */,
				20CB67202260857E0064C31C /* Shared.xcassets in Resources */,
				2048A119225C746200290E54 /* SFMono-Light.otf in Resources */,
				2048A117225C746200290E54 /* Localizable.strings in Resources */,
				2048A11B225C746200290E54 /* SFMono-Bold.otf in Resources */,
			);
			runOnlyForDeploymentPostprocessing = 0;
		};
/* End PBXResourcesBuildPhase section */

/* Begin PBXSourcesBuildPhase section */
		20F6E090225C72A100418216 /* Sources */ = {
			isa = PBXSourcesBuildPhase;
			buildActionMask = 2147483647;
			files = (
				2048A0E4225C744400290E54 /* Repository.swift in Sources */,
				2048A0DE225C744400290E54 /* Commit.swift in Sources */,
				CE02C31022A2B3C90022DE9B /* Config.swift in Sources */,
				CE7B8BF322917A1C00396AB1 /* Content.swift in Sources */,
				2048A0D7225C744400290E54 /* Failure.swift in Sources */,
				20710E082286CA6A00104F72 /* Rest.swift in Sources */,
				2048A0E0225C744400290E54 /* Serial.swift in Sources */,
				2048A0EA225C744400290E54 /* Hub.swift in Sources */,
				2048A0DA225C744400290E54 /* Hash.swift in Sources */,
				CEAE6CBF22A26BFE001E1AE1 /* Factory.swift in Sources */,
				CEAE6CC222A28062001E1AE1 /* History.swift in Sources */,
				CED676C8228E840C009D6ADC /* Check.swift in Sources */,
				CE7B8BF622917ACA00396AB1 /* Head.swift in Sources */,
				20948B7B2271986000B1987D /* User.swift in Sources */,
				CEE6A964229280FD00977743 /* Packer.swift in Sources */,
				2048A0E8225C744400290E54 /* Status.swift in Sources */,
				2048A0E6225C744400290E54 /* Tree.swift in Sources */,
				20671BEB226C79E900A74B7E /* Ignore.swift in Sources */,
				CE7169B022A796A500730F66 /* Merger.swift in Sources */,
				20C21CCC2288113C0038466A /* Fetch.swift in Sources */,
				2048A0DC225C744400290E54 /* Index.swift in Sources */,
				2073D8772267283E00631BCB /* Dispatch.swift in Sources */,
				20EB2504227711E20043EBD2 /* Session.swift in Sources */,
				2048A0EC225C744400290E54 /* Parse.swift in Sources */,
				2048A0E2225C744400290E54 /* Press.swift in Sources */,
				206F2E642275E7E50058DA7E /* Pack.swift in Sources */,
				205FF459227C22B80085E4F4 /* Stage.swift in Sources */,
			);
			runOnlyForDeploymentPostprocessing = 0;
		};
		20F6E09D225C72AC00418216 /* Sources */ = {
			isa = PBXSourcesBuildPhase;
			buildActionMask = 2147483647;
			files = (
				2048A0E5225C744400290E54 /* Repository.swift in Sources */,
				2048A0DF225C744400290E54 /* Commit.swift in Sources */,
				CE02C31122A2B3C90022DE9B /* Config.swift in Sources */,
				CE7B8BF422917A1C00396AB1 /* Content.swift in Sources */,
				2048A0D9225C744400290E54 /* Failure.swift in Sources */,
				20710E092286CA6A00104F72 /* Rest.swift in Sources */,
				2048A0E1225C744400290E54 /* Serial.swift in Sources */,
				2048A0EB225C744400290E54 /* Hub.swift in Sources */,
				2048A0DB225C744400290E54 /* Hash.swift in Sources */,
				CEAE6CC022A26BFE001E1AE1 /* Factory.swift in Sources */,
				CEAE6CC322A28062001E1AE1 /* History.swift in Sources */,
				CED676C9228E840C009D6ADC /* Check.swift in Sources */,
				CE7B8BF722917ACA00396AB1 /* Head.swift in Sources */,
				20948B7C2271986100B1987D /* User.swift in Sources */,
				CEE6A965229280FD00977743 /* Packer.swift in Sources */,
				2048A0E9225C744400290E54 /* Status.swift in Sources */,
				2048A0E7225C744400290E54 /* Tree.swift in Sources */,
				20671BEC226C79E900A74B7E /* Ignore.swift in Sources */,
				CE7169B122A796A500730F66 /* Merger.swift in Sources */,
				20C21CCD2288113C0038466A /* Fetch.swift in Sources */,
				2048A0DD225C744400290E54 /* Index.swift in Sources */,
				2073D8782267283E00631BCB /* Dispatch.swift in Sources */,
				20EB2505227711E20043EBD2 /* Session.swift in Sources */,
				2048A0ED225C744400290E54 /* Parse.swift in Sources */,
				2048A0E3225C744400290E54 /* Press.swift in Sources */,
				206F2E652275E7E50058DA7E /* Pack.swift in Sources */,
				205FF45A227C22B80085E4F4 /* Stage.swift in Sources */,
			);
			runOnlyForDeploymentPostprocessing = 0;
		};
		20F6E0A8225C72BD00418216 /* Sources */ = {
			isa = PBXSourcesBuildPhase;
			buildActionMask = 2147483647;
			files = (
				20EB2507227713010043EBD2 /* TestSession.swift in Sources */,
				CEC1AC8922AD325400526588 /* TestRepack.swift in Sources */,
				CE30748A22ABBA000010017C /* TestPush.swift in Sources */,
				2048A107225C745100290E54 /* TestPress.swift in Sources */,
				2048A109225C745100290E54 /* TestHash.swift in Sources */,
				20C21CD32288186A0038466A /* TestClone.swift in Sources */,
				CE4B5C7622A7C44800355E81 /* TestMerge.swift in Sources */,
				206F2E5E2275DDFD0058DA7E /* TestPack.swift in Sources */,
				2075D1A0227DD2EC0004D098 /* TestLog.swift in Sources */,
				20C21CD5228818730038466A /* MockRest.swift in Sources */,
				CEE6A9622292785E00977743 /* TestUnpack.swift in Sources */,
				20B3E200228831C3009D132C /* TestRest.swift in Sources */,
				2048A105225C745100290E54 /* TestHub.swift in Sources */,
				2048A101225C745100290E54 /* TestIndex.swift in Sources */,
				CE02C30E22A2B3250022DE9B /* TestConfig.swift in Sources */,
				20AFB33D2265BA7800A3ECC0 /* TestCommit.swift in Sources */,
				CED676C6228E820E009D6ADC /* TestReset.swift in Sources */,
				206F2E592275BD090058DA7E /* TestContents.swift in Sources */,
				CE9F575F22A5361300CC89CE /* TestCheckout.swift in Sources */,
				20671BE9226C70A700A74B7E /* TestList.swift in Sources */,
				CEE6A96722928D7100977743 /* TestRefresh.swift in Sources */,
				20A37BED2272E1E100850D12 /* TestStaging.swift in Sources */,
				CE9F575D22A50BB300CC89CE /* TestPull.swift in Sources */,
				2048A10B225C745100290E54 /* TestAdd.swift in Sources */,
				20671BEE226C7A0000A74B7E /* TestIgnore.swift in Sources */,
				205CF271227ABE49002BDAE0 /* TestRepository.swift in Sources */,
				20948B7E2271987E00B1987D /* TestUser.swift in Sources */,
				20AFB33B2265B77000A3ECC0 /* TestHead.swift in Sources */,
				2048A10E225C745100290E54 /* TestStatus.swift in Sources */,
				CEE6A9692292998000977743 /* TestRestoreIndex.swift in Sources */,
				20C21CD12288119E0038466A /* TestFetch.swift in Sources */,
				20AFB33F2265DA5200A3ECC0 /* TestTree.swift in Sources */,
			);
			runOnlyForDeploymentPostprocessing = 0;
		};
		20F6E0B7225C732200418216 /* Sources */ = {
			isa = PBXSourcesBuildPhase;
			buildActionMask = 2147483647;
			files = (
				CE29D7BA229D4F9B00C257BF /* History.swift in Sources */,
				CE32EFD1229FFF1400BC3901 /* Cloud.swift in Sources */,
				20CB671A226071CA0064C31C /* Shared.swift in Sources */,
				CEC67672229D0D5D00B6AFEF /* Add.swift in Sources */,
				CEA4C584229BF98F0057CEFE /* Help.swift in Sources */,
				2055EFDC2276C9C000658C04 /* Home.swift in Sources */,
				CEA4C582229BF29A0057CEFE /* About.swift in Sources */,
				2048A136225C749200290E54 /* App.swift in Sources */,
				CED7E396229E9BB1003B8721 /* Alert.swift in Sources */,
				CE89826022904EB300E9F41F /* Reset.swift in Sources */,
				CEC67674229D26F700B6AFEF /* Settings.swift in Sources */,
				2048A134225C749200290E54 /* Extensions.swift in Sources */,
				2048A137225C749200290E54 /* Button.swift in Sources */,
			);
			runOnlyForDeploymentPostprocessing = 0;
		};
		20F6E0CB225C733600418216 /* Sources */ = {
			isa = PBXSourcesBuildPhase;
			buildActionMask = 2147483647;
			files = (
				20FFDF812282E05D00226033 /* Commit.swift in Sources */,
				209ACF2D2282ABE4001F3523 /* Alert.swift in Sources */,
				209ACF2F2282ACB9001F3523 /* View.swift in Sources */,
				20BB9F8822802DBD002DDF7B /* Extensions.swift in Sources */,
				20E0989E22817B410061123C /* Bar.swift in Sources */,
				20FFDF7D2282CD7C00226033 /* List.swift in Sources */,
				20CB671B226071CA0064C31C /* Shared.swift in Sources */,
				20E098A022819D060061123C /* Create.swift in Sources */,
				20BB9F8422802A61002DDF7B /* Display.swift in Sources */,
				CE8982622290560000E9F41F /* Reset.swift in Sources */,
				20FFDF7F2282E04600226033 /* Log.swift in Sources */,
				20FFDF832282EF0500226033 /* Credentials.swift in Sources */,
				20FFDF792282C27900226033 /* Tools.swift in Sources */,
				20BB9F8A22802EA5002DDF7B /* Onboard.swift in Sources */,
				2048A129225C748900290E54 /* App.swift in Sources */,
				20BB9F8622802D8A002DDF7B /* Sheet.swift in Sources */,
			);
			runOnlyForDeploymentPostprocessing = 0;
		};
/* End PBXSourcesBuildPhase section */

/* Begin PBXVariantGroup section */
		2048A112225C746200290E54 /* Localizable.strings */ = {
			isa = PBXVariantGroup;
			children = (
				2048A113225C746200290E54 /* en */,
			);
			name = Localizable.strings;
			sourceTree = "<group>";
		};
/* End PBXVariantGroup section */

/* Begin XCBuildConfiguration section */
		20F6E08D225C729200418216 /* Debug */ = {
			isa = XCBuildConfiguration;
			buildSettings = {
				CLANG_ENABLE_MODULES = YES;
				DEBUG_INFORMATION_FORMAT = dwarf;
				ENABLE_BITCODE = YES;
				GCC_OPTIMIZATION_LEVEL = 0;
				IPHONEOS_DEPLOYMENT_TARGET = 9.0;
				MACOSX_DEPLOYMENT_TARGET = 10.11;
				PRODUCT_NAME = Git;
				SWIFT_INSTALL_OBJC_HEADER = NO;
				SWIFT_OPTIMIZATION_LEVEL = "-Onone";
				SWIFT_VERSION = 5.0;
			};
			name = Debug;
		};
		20F6E08E225C729200418216 /* Release */ = {
			isa = XCBuildConfiguration;
			buildSettings = {
				CLANG_ENABLE_MODULES = YES;
				DEBUG_INFORMATION_FORMAT = dwarf;
				ENABLE_BITCODE = YES;
				GCC_OPTIMIZATION_LEVEL = 3;
				IPHONEOS_DEPLOYMENT_TARGET = 9.0;
				MACOSX_DEPLOYMENT_TARGET = 10.11;
				PRODUCT_NAME = Git;
				SWIFT_INSTALL_OBJC_HEADER = NO;
				SWIFT_VERSION = 5.0;
			};
			name = Release;
		};
		20F6E09B225C72A100418216 /* Debug */ = {
			isa = XCBuildConfiguration;
			buildSettings = {
				ALWAYS_SEARCH_USER_PATHS = NO;
				CLANG_ANALYZER_NONNULL = YES;
				CLANG_ANALYZER_NUMBER_OBJECT_CONVERSION = YES_AGGRESSIVE;
				CLANG_CXX_LANGUAGE_STANDARD = "gnu++14";
				CLANG_CXX_LIBRARY = "libc++";
				CLANG_ENABLE_OBJC_ARC = YES;
				CLANG_ENABLE_OBJC_WEAK = YES;
				CLANG_WARN_BLOCK_CAPTURE_AUTORELEASING = YES;
				CLANG_WARN_BOOL_CONVERSION = YES;
				CLANG_WARN_COMMA = YES;
				CLANG_WARN_CONSTANT_CONVERSION = YES;
				CLANG_WARN_DEPRECATED_OBJC_IMPLEMENTATIONS = YES;
				CLANG_WARN_DIRECT_OBJC_ISA_USAGE = YES_ERROR;
				CLANG_WARN_DOCUMENTATION_COMMENTS = YES;
				CLANG_WARN_EMPTY_BODY = YES;
				CLANG_WARN_ENUM_CONVERSION = YES;
				CLANG_WARN_INFINITE_RECURSION = YES;
				CLANG_WARN_INT_CONVERSION = YES;
				CLANG_WARN_NON_LITERAL_NULL_CONVERSION = YES;
				CLANG_WARN_OBJC_IMPLICIT_RETAIN_SELF = YES;
				CLANG_WARN_OBJC_LITERAL_CONVERSION = YES;
				CLANG_WARN_OBJC_ROOT_CLASS = YES_ERROR;
				CLANG_WARN_RANGE_LOOP_ANALYSIS = YES;
				CLANG_WARN_STRICT_PROTOTYPES = YES;
				CLANG_WARN_SUSPICIOUS_MOVE = YES;
				CLANG_WARN_UNGUARDED_AVAILABILITY = YES_AGGRESSIVE;
				CLANG_WARN_UNREACHABLE_CODE = YES;
				CLANG_WARN__DUPLICATE_METHOD_MATCH = YES;
				CODE_SIGN_IDENTITY = "Mac Developer";
				CODE_SIGN_STYLE = Automatic;
				COPY_PHASE_STRIP = NO;
				DEVELOPMENT_TEAM = 7AMWG3RLHN;
				ENABLE_STRICT_OBJC_MSGSEND = YES;
				ENABLE_TESTABILITY = YES;
				EXECUTABLE_PREFIX = lib;
				GCC_C_LANGUAGE_STANDARD = gnu11;
				GCC_DYNAMIC_NO_PIC = NO;
				GCC_NO_COMMON_BLOCKS = YES;
				GCC_PREPROCESSOR_DEFINITIONS = (
					"DEBUG=1",
					"$(inherited)",
				);
				GCC_WARN_64_TO_32_BIT_CONVERSION = YES;
				GCC_WARN_ABOUT_RETURN_TYPE = YES_ERROR;
				GCC_WARN_UNDECLARED_SELECTOR = YES;
				GCC_WARN_UNINITIALIZED_AUTOS = YES_AGGRESSIVE;
				GCC_WARN_UNUSED_FUNCTION = YES;
				GCC_WARN_UNUSED_VARIABLE = YES;
				MTL_ENABLE_DEBUG_INFO = INCLUDE_SOURCE;
				MTL_FAST_MATH = YES;
				ONLY_ACTIVE_ARCH = YES;
				SDKROOT = macosx;
				SKIP_INSTALL = YES;
			};
			name = Debug;
		};
		20F6E09C225C72A100418216 /* Release */ = {
			isa = XCBuildConfiguration;
			buildSettings = {
				ALWAYS_SEARCH_USER_PATHS = NO;
				CLANG_ANALYZER_NONNULL = YES;
				CLANG_ANALYZER_NUMBER_OBJECT_CONVERSION = YES_AGGRESSIVE;
				CLANG_CXX_LANGUAGE_STANDARD = "gnu++14";
				CLANG_CXX_LIBRARY = "libc++";
				CLANG_ENABLE_OBJC_ARC = YES;
				CLANG_ENABLE_OBJC_WEAK = YES;
				CLANG_WARN_BLOCK_CAPTURE_AUTORELEASING = YES;
				CLANG_WARN_BOOL_CONVERSION = YES;
				CLANG_WARN_COMMA = YES;
				CLANG_WARN_CONSTANT_CONVERSION = YES;
				CLANG_WARN_DEPRECATED_OBJC_IMPLEMENTATIONS = YES;
				CLANG_WARN_DIRECT_OBJC_ISA_USAGE = YES_ERROR;
				CLANG_WARN_DOCUMENTATION_COMMENTS = YES;
				CLANG_WARN_EMPTY_BODY = YES;
				CLANG_WARN_ENUM_CONVERSION = YES;
				CLANG_WARN_INFINITE_RECURSION = YES;
				CLANG_WARN_INT_CONVERSION = YES;
				CLANG_WARN_NON_LITERAL_NULL_CONVERSION = YES;
				CLANG_WARN_OBJC_IMPLICIT_RETAIN_SELF = YES;
				CLANG_WARN_OBJC_LITERAL_CONVERSION = YES;
				CLANG_WARN_OBJC_ROOT_CLASS = YES_ERROR;
				CLANG_WARN_RANGE_LOOP_ANALYSIS = YES;
				CLANG_WARN_STRICT_PROTOTYPES = YES;
				CLANG_WARN_SUSPICIOUS_MOVE = YES;
				CLANG_WARN_UNGUARDED_AVAILABILITY = YES_AGGRESSIVE;
				CLANG_WARN_UNREACHABLE_CODE = YES;
				CLANG_WARN__DUPLICATE_METHOD_MATCH = YES;
				CODE_SIGN_IDENTITY = "Mac Developer";
				CODE_SIGN_STYLE = Automatic;
				COPY_PHASE_STRIP = NO;
				DEVELOPMENT_TEAM = 7AMWG3RLHN;
				ENABLE_NS_ASSERTIONS = NO;
				ENABLE_STRICT_OBJC_MSGSEND = YES;
				EXECUTABLE_PREFIX = lib;
				GCC_C_LANGUAGE_STANDARD = gnu11;
				GCC_NO_COMMON_BLOCKS = YES;
				GCC_WARN_64_TO_32_BIT_CONVERSION = YES;
				GCC_WARN_ABOUT_RETURN_TYPE = YES_ERROR;
				GCC_WARN_UNDECLARED_SELECTOR = YES;
				GCC_WARN_UNINITIALIZED_AUTOS = YES_AGGRESSIVE;
				GCC_WARN_UNUSED_FUNCTION = YES;
				GCC_WARN_UNUSED_VARIABLE = YES;
				MTL_ENABLE_DEBUG_INFO = NO;
				MTL_FAST_MATH = YES;
				SDKROOT = macosx;
				SKIP_INSTALL = YES;
			};
			name = Release;
		};
		20F6E0A6225C72AC00418216 /* Debug */ = {
			isa = XCBuildConfiguration;
			buildSettings = {
				ALWAYS_SEARCH_USER_PATHS = NO;
				CLANG_ANALYZER_NONNULL = YES;
				CLANG_ANALYZER_NUMBER_OBJECT_CONVERSION = YES_AGGRESSIVE;
				CLANG_CXX_LANGUAGE_STANDARD = "gnu++14";
				CLANG_CXX_LIBRARY = "libc++";
				CLANG_ENABLE_OBJC_ARC = YES;
				CLANG_ENABLE_OBJC_WEAK = YES;
				CLANG_WARN_BLOCK_CAPTURE_AUTORELEASING = YES;
				CLANG_WARN_BOOL_CONVERSION = YES;
				CLANG_WARN_COMMA = YES;
				CLANG_WARN_CONSTANT_CONVERSION = YES;
				CLANG_WARN_DEPRECATED_OBJC_IMPLEMENTATIONS = YES;
				CLANG_WARN_DIRECT_OBJC_ISA_USAGE = YES_ERROR;
				CLANG_WARN_DOCUMENTATION_COMMENTS = YES;
				CLANG_WARN_EMPTY_BODY = YES;
				CLANG_WARN_ENUM_CONVERSION = YES;
				CLANG_WARN_INFINITE_RECURSION = YES;
				CLANG_WARN_INT_CONVERSION = YES;
				CLANG_WARN_NON_LITERAL_NULL_CONVERSION = YES;
				CLANG_WARN_OBJC_IMPLICIT_RETAIN_SELF = YES;
				CLANG_WARN_OBJC_LITERAL_CONVERSION = YES;
				CLANG_WARN_OBJC_ROOT_CLASS = YES_ERROR;
				CLANG_WARN_RANGE_LOOP_ANALYSIS = YES;
				CLANG_WARN_STRICT_PROTOTYPES = YES;
				CLANG_WARN_SUSPICIOUS_MOVE = YES;
				CLANG_WARN_UNGUARDED_AVAILABILITY = YES_AGGRESSIVE;
				CLANG_WARN_UNREACHABLE_CODE = YES;
				CLANG_WARN__DUPLICATE_METHOD_MATCH = YES;
				CODE_SIGN_IDENTITY = "iPhone Developer";
				CODE_SIGN_STYLE = Automatic;
				COPY_PHASE_STRIP = NO;
				DEVELOPMENT_TEAM = 7AMWG3RLHN;
				ENABLE_STRICT_OBJC_MSGSEND = YES;
				ENABLE_TESTABILITY = YES;
				GCC_C_LANGUAGE_STANDARD = gnu11;
				GCC_DYNAMIC_NO_PIC = NO;
				GCC_NO_COMMON_BLOCKS = YES;
				GCC_PREPROCESSOR_DEFINITIONS = (
					"DEBUG=1",
					"$(inherited)",
				);
				GCC_WARN_64_TO_32_BIT_CONVERSION = YES;
				GCC_WARN_ABOUT_RETURN_TYPE = YES_ERROR;
				GCC_WARN_UNDECLARED_SELECTOR = YES;
				GCC_WARN_UNINITIALIZED_AUTOS = YES_AGGRESSIVE;
				GCC_WARN_UNUSED_FUNCTION = YES;
				GCC_WARN_UNUSED_VARIABLE = YES;
				MTL_ENABLE_DEBUG_INFO = INCLUDE_SOURCE;
				MTL_FAST_MATH = YES;
				ONLY_ACTIVE_ARCH = YES;
				SDKROOT = iphoneos;
				SKIP_INSTALL = YES;
				SWIFT_ACTIVE_COMPILATION_CONDITIONS = DEBUG;
				TARGETED_DEVICE_FAMILY = "1,2";
			};
			name = Debug;
		};
		20F6E0A7225C72AC00418216 /* Release */ = {
			isa = XCBuildConfiguration;
			buildSettings = {
				ALWAYS_SEARCH_USER_PATHS = NO;
				CLANG_ANALYZER_NONNULL = YES;
				CLANG_ANALYZER_NUMBER_OBJECT_CONVERSION = YES_AGGRESSIVE;
				CLANG_CXX_LANGUAGE_STANDARD = "gnu++14";
				CLANG_CXX_LIBRARY = "libc++";
				CLANG_ENABLE_OBJC_ARC = YES;
				CLANG_ENABLE_OBJC_WEAK = YES;
				CLANG_WARN_BLOCK_CAPTURE_AUTORELEASING = YES;
				CLANG_WARN_BOOL_CONVERSION = YES;
				CLANG_WARN_COMMA = YES;
				CLANG_WARN_CONSTANT_CONVERSION = YES;
				CLANG_WARN_DEPRECATED_OBJC_IMPLEMENTATIONS = YES;
				CLANG_WARN_DIRECT_OBJC_ISA_USAGE = YES_ERROR;
				CLANG_WARN_DOCUMENTATION_COMMENTS = YES;
				CLANG_WARN_EMPTY_BODY = YES;
				CLANG_WARN_ENUM_CONVERSION = YES;
				CLANG_WARN_INFINITE_RECURSION = YES;
				CLANG_WARN_INT_CONVERSION = YES;
				CLANG_WARN_NON_LITERAL_NULL_CONVERSION = YES;
				CLANG_WARN_OBJC_IMPLICIT_RETAIN_SELF = YES;
				CLANG_WARN_OBJC_LITERAL_CONVERSION = YES;
				CLANG_WARN_OBJC_ROOT_CLASS = YES_ERROR;
				CLANG_WARN_RANGE_LOOP_ANALYSIS = YES;
				CLANG_WARN_STRICT_PROTOTYPES = YES;
				CLANG_WARN_SUSPICIOUS_MOVE = YES;
				CLANG_WARN_UNGUARDED_AVAILABILITY = YES_AGGRESSIVE;
				CLANG_WARN_UNREACHABLE_CODE = YES;
				CLANG_WARN__DUPLICATE_METHOD_MATCH = YES;
				CODE_SIGN_IDENTITY = "iPhone Developer";
				CODE_SIGN_STYLE = Automatic;
				COPY_PHASE_STRIP = NO;
				DEVELOPMENT_TEAM = 7AMWG3RLHN;
				ENABLE_NS_ASSERTIONS = NO;
				ENABLE_STRICT_OBJC_MSGSEND = YES;
				GCC_C_LANGUAGE_STANDARD = gnu11;
				GCC_NO_COMMON_BLOCKS = YES;
				GCC_WARN_64_TO_32_BIT_CONVERSION = YES;
				GCC_WARN_ABOUT_RETURN_TYPE = YES_ERROR;
				GCC_WARN_UNDECLARED_SELECTOR = YES;
				GCC_WARN_UNINITIALIZED_AUTOS = YES_AGGRESSIVE;
				GCC_WARN_UNUSED_FUNCTION = YES;
				GCC_WARN_UNUSED_VARIABLE = YES;
				MTL_ENABLE_DEBUG_INFO = NO;
				MTL_FAST_MATH = YES;
				SDKROOT = iphoneos;
				SKIP_INSTALL = YES;
				SWIFT_COMPILATION_MODE = wholemodule;
				TARGETED_DEVICE_FAMILY = "1,2";
				VALIDATE_PRODUCT = YES;
			};
			name = Release;
		};
		20F6E0B5225C72BD00418216 /* Debug */ = {
			isa = XCBuildConfiguration;
			buildSettings = {
				ALWAYS_EMBED_SWIFT_STANDARD_LIBRARIES = YES;
				ALWAYS_SEARCH_USER_PATHS = NO;
				CLANG_ANALYZER_NONNULL = YES;
				CLANG_ANALYZER_NUMBER_OBJECT_CONVERSION = YES_AGGRESSIVE;
				CLANG_CXX_LANGUAGE_STANDARD = "gnu++14";
				CLANG_CXX_LIBRARY = "libc++";
				CLANG_ENABLE_OBJC_ARC = YES;
				CLANG_ENABLE_OBJC_WEAK = YES;
				CLANG_WARN_BLOCK_CAPTURE_AUTORELEASING = YES;
				CLANG_WARN_BOOL_CONVERSION = YES;
				CLANG_WARN_COMMA = YES;
				CLANG_WARN_CONSTANT_CONVERSION = YES;
				CLANG_WARN_DEPRECATED_OBJC_IMPLEMENTATIONS = YES;
				CLANG_WARN_DIRECT_OBJC_ISA_USAGE = YES_ERROR;
				CLANG_WARN_DOCUMENTATION_COMMENTS = YES;
				CLANG_WARN_EMPTY_BODY = YES;
				CLANG_WARN_ENUM_CONVERSION = YES;
				CLANG_WARN_INFINITE_RECURSION = YES;
				CLANG_WARN_INT_CONVERSION = YES;
				CLANG_WARN_NON_LITERAL_NULL_CONVERSION = YES;
				CLANG_WARN_OBJC_IMPLICIT_RETAIN_SELF = YES;
				CLANG_WARN_OBJC_LITERAL_CONVERSION = YES;
				CLANG_WARN_OBJC_ROOT_CLASS = YES_ERROR;
				CLANG_WARN_RANGE_LOOP_ANALYSIS = YES;
				CLANG_WARN_STRICT_PROTOTYPES = YES;
				CLANG_WARN_SUSPICIOUS_MOVE = YES;
				CLANG_WARN_UNGUARDED_AVAILABILITY = YES_AGGRESSIVE;
				CLANG_WARN_UNREACHABLE_CODE = YES;
				CLANG_WARN__DUPLICATE_METHOD_MATCH = YES;
				CODE_SIGN_IDENTITY = "Mac Developer";
				CODE_SIGN_STYLE = Automatic;
				COMBINE_HIDPI_IMAGES = YES;
				COPY_PHASE_STRIP = NO;
				DEVELOPMENT_TEAM = 7AMWG3RLHN;
				ENABLE_STRICT_OBJC_MSGSEND = YES;
				ENABLE_TESTABILITY = YES;
				GCC_C_LANGUAGE_STANDARD = gnu11;
				GCC_DYNAMIC_NO_PIC = NO;
				GCC_NO_COMMON_BLOCKS = YES;
				GCC_PREPROCESSOR_DEFINITIONS = (
					"DEBUG=1",
					"$(inherited)",
				);
				GCC_WARN_64_TO_32_BIT_CONVERSION = YES;
				GCC_WARN_ABOUT_RETURN_TYPE = YES_ERROR;
				GCC_WARN_UNDECLARED_SELECTOR = YES;
				GCC_WARN_UNINITIALIZED_AUTOS = YES_AGGRESSIVE;
				GCC_WARN_UNUSED_FUNCTION = YES;
				GCC_WARN_UNUSED_VARIABLE = YES;
				INFOPLIST_FILE = Tests/Tests.plist;
				LD_RUNPATH_SEARCH_PATHS = (
					"$(inherited)",
					"@executable_path/../Frameworks",
					"@loader_path/../Frameworks",
				);
				MTL_ENABLE_DEBUG_INFO = INCLUDE_SOURCE;
				MTL_FAST_MATH = YES;
				ONLY_ACTIVE_ARCH = YES;
				PRODUCT_BUNDLE_IDENTIFIER = git.Tests;
				PRODUCT_NAME = "$(TARGET_NAME)";
				SDKROOT = macosx;
				SWIFT_ACTIVE_COMPILATION_CONDITIONS = DEBUG;
			};
			name = Debug;
		};
		20F6E0B6225C72BD00418216 /* Release */ = {
			isa = XCBuildConfiguration;
			buildSettings = {
				ALWAYS_EMBED_SWIFT_STANDARD_LIBRARIES = YES;
				ALWAYS_SEARCH_USER_PATHS = NO;
				CLANG_ANALYZER_NONNULL = YES;
				CLANG_ANALYZER_NUMBER_OBJECT_CONVERSION = YES_AGGRESSIVE;
				CLANG_CXX_LANGUAGE_STANDARD = "gnu++14";
				CLANG_CXX_LIBRARY = "libc++";
				CLANG_ENABLE_OBJC_ARC = YES;
				CLANG_ENABLE_OBJC_WEAK = YES;
				CLANG_WARN_BLOCK_CAPTURE_AUTORELEASING = YES;
				CLANG_WARN_BOOL_CONVERSION = YES;
				CLANG_WARN_COMMA = YES;
				CLANG_WARN_CONSTANT_CONVERSION = YES;
				CLANG_WARN_DEPRECATED_OBJC_IMPLEMENTATIONS = YES;
				CLANG_WARN_DIRECT_OBJC_ISA_USAGE = YES_ERROR;
				CLANG_WARN_DOCUMENTATION_COMMENTS = YES;
				CLANG_WARN_EMPTY_BODY = YES;
				CLANG_WARN_ENUM_CONVERSION = YES;
				CLANG_WARN_INFINITE_RECURSION = YES;
				CLANG_WARN_INT_CONVERSION = YES;
				CLANG_WARN_NON_LITERAL_NULL_CONVERSION = YES;
				CLANG_WARN_OBJC_IMPLICIT_RETAIN_SELF = YES;
				CLANG_WARN_OBJC_LITERAL_CONVERSION = YES;
				CLANG_WARN_OBJC_ROOT_CLASS = YES_ERROR;
				CLANG_WARN_RANGE_LOOP_ANALYSIS = YES;
				CLANG_WARN_STRICT_PROTOTYPES = YES;
				CLANG_WARN_SUSPICIOUS_MOVE = YES;
				CLANG_WARN_UNGUARDED_AVAILABILITY = YES_AGGRESSIVE;
				CLANG_WARN_UNREACHABLE_CODE = YES;
				CLANG_WARN__DUPLICATE_METHOD_MATCH = YES;
				CODE_SIGN_IDENTITY = "Mac Developer";
				CODE_SIGN_STYLE = Automatic;
				COMBINE_HIDPI_IMAGES = YES;
				COPY_PHASE_STRIP = NO;
				DEVELOPMENT_TEAM = 7AMWG3RLHN;
				ENABLE_NS_ASSERTIONS = NO;
				ENABLE_STRICT_OBJC_MSGSEND = YES;
				GCC_C_LANGUAGE_STANDARD = gnu11;
				GCC_NO_COMMON_BLOCKS = YES;
				GCC_WARN_64_TO_32_BIT_CONVERSION = YES;
				GCC_WARN_ABOUT_RETURN_TYPE = YES_ERROR;
				GCC_WARN_UNDECLARED_SELECTOR = YES;
				GCC_WARN_UNINITIALIZED_AUTOS = YES_AGGRESSIVE;
				GCC_WARN_UNUSED_FUNCTION = YES;
				GCC_WARN_UNUSED_VARIABLE = YES;
				INFOPLIST_FILE = Tests/Tests.plist;
				LD_RUNPATH_SEARCH_PATHS = (
					"$(inherited)",
					"@executable_path/../Frameworks",
					"@loader_path/../Frameworks",
				);
				MTL_ENABLE_DEBUG_INFO = NO;
				MTL_FAST_MATH = YES;
				PRODUCT_BUNDLE_IDENTIFIER = git.Tests;
				PRODUCT_NAME = "$(TARGET_NAME)";
				SDKROOT = macosx;
				SWIFT_COMPILATION_MODE = wholemodule;
			};
			name = Release;
		};
		20F6E0C9225C732400418216 /* Debug */ = {
			isa = XCBuildConfiguration;
			buildSettings = {
				ALWAYS_SEARCH_USER_PATHS = NO;
				ASSETCATALOG_COMPILER_APPICON_NAME = AppIcon;
				CLANG_ANALYZER_NONNULL = YES;
				CLANG_ANALYZER_NUMBER_OBJECT_CONVERSION = YES_AGGRESSIVE;
				CLANG_CXX_LANGUAGE_STANDARD = "gnu++14";
				CLANG_CXX_LIBRARY = "libc++";
				CLANG_ENABLE_OBJC_ARC = YES;
				CLANG_ENABLE_OBJC_WEAK = YES;
				CLANG_WARN_BLOCK_CAPTURE_AUTORELEASING = YES;
				CLANG_WARN_BOOL_CONVERSION = YES;
				CLANG_WARN_COMMA = YES;
				CLANG_WARN_CONSTANT_CONVERSION = YES;
				CLANG_WARN_DEPRECATED_OBJC_IMPLEMENTATIONS = YES;
				CLANG_WARN_DIRECT_OBJC_ISA_USAGE = YES_ERROR;
				CLANG_WARN_DOCUMENTATION_COMMENTS = YES;
				CLANG_WARN_EMPTY_BODY = YES;
				CLANG_WARN_ENUM_CONVERSION = YES;
				CLANG_WARN_INFINITE_RECURSION = YES;
				CLANG_WARN_INT_CONVERSION = YES;
				CLANG_WARN_NON_LITERAL_NULL_CONVERSION = YES;
				CLANG_WARN_OBJC_IMPLICIT_RETAIN_SELF = YES;
				CLANG_WARN_OBJC_LITERAL_CONVERSION = YES;
				CLANG_WARN_OBJC_ROOT_CLASS = YES_ERROR;
				CLANG_WARN_RANGE_LOOP_ANALYSIS = YES;
				CLANG_WARN_STRICT_PROTOTYPES = YES;
				CLANG_WARN_SUSPICIOUS_MOVE = YES;
				CLANG_WARN_UNGUARDED_AVAILABILITY = YES_AGGRESSIVE;
				CLANG_WARN_UNREACHABLE_CODE = YES;
				CLANG_WARN__DUPLICATE_METHOD_MATCH = YES;
				CODE_SIGN_ENTITLEMENTS = Mac/Mac.entitlements;
				CODE_SIGN_IDENTITY = "Mac Developer";
				CODE_SIGN_STYLE = Automatic;
				COMBINE_HIDPI_IMAGES = YES;
				COPY_PHASE_STRIP = NO;
				DEVELOPMENT_TEAM = 7AMWG3RLHN;
				ENABLE_STRICT_OBJC_MSGSEND = YES;
				ENABLE_TESTABILITY = YES;
				GCC_C_LANGUAGE_STANDARD = gnu11;
				GCC_DYNAMIC_NO_PIC = NO;
				GCC_NO_COMMON_BLOCKS = YES;
				GCC_PREPROCESSOR_DEFINITIONS = (
					"DEBUG=1",
					"$(inherited)",
				);
				GCC_WARN_64_TO_32_BIT_CONVERSION = YES;
				GCC_WARN_ABOUT_RETURN_TYPE = YES_ERROR;
				GCC_WARN_UNDECLARED_SELECTOR = YES;
				GCC_WARN_UNINITIALIZED_AUTOS = YES_AGGRESSIVE;
				GCC_WARN_UNUSED_FUNCTION = YES;
				GCC_WARN_UNUSED_VARIABLE = YES;
				INFOPLIST_FILE = Mac/Mac.plist;
				LD_RUNPATH_SEARCH_PATHS = (
					"$(inherited)",
					"@executable_path/../Frameworks",
				);
				MTL_ENABLE_DEBUG_INFO = INCLUDE_SOURCE;
				MTL_FAST_MATH = YES;
				ONLY_ACTIVE_ARCH = YES;
				PRODUCT_BUNDLE_IDENTIFIER = git.mac;
				PRODUCT_MODULE_NAME = GitMac;
				SDKROOT = macosx;
				SWIFT_ACTIVE_COMPILATION_CONDITIONS = DEBUG;
			};
			name = Debug;
		};
		20F6E0CA225C732400418216 /* Release */ = {
			isa = XCBuildConfiguration;
			buildSettings = {
				ALWAYS_SEARCH_USER_PATHS = NO;
				ASSETCATALOG_COMPILER_APPICON_NAME = AppIcon;
				CLANG_ANALYZER_NONNULL = YES;
				CLANG_ANALYZER_NUMBER_OBJECT_CONVERSION = YES_AGGRESSIVE;
				CLANG_CXX_LANGUAGE_STANDARD = "gnu++14";
				CLANG_CXX_LIBRARY = "libc++";
				CLANG_ENABLE_OBJC_ARC = YES;
				CLANG_ENABLE_OBJC_WEAK = YES;
				CLANG_WARN_BLOCK_CAPTURE_AUTORELEASING = YES;
				CLANG_WARN_BOOL_CONVERSION = YES;
				CLANG_WARN_COMMA = YES;
				CLANG_WARN_CONSTANT_CONVERSION = YES;
				CLANG_WARN_DEPRECATED_OBJC_IMPLEMENTATIONS = YES;
				CLANG_WARN_DIRECT_OBJC_ISA_USAGE = YES_ERROR;
				CLANG_WARN_DOCUMENTATION_COMMENTS = YES;
				CLANG_WARN_EMPTY_BODY = YES;
				CLANG_WARN_ENUM_CONVERSION = YES;
				CLANG_WARN_INFINITE_RECURSION = YES;
				CLANG_WARN_INT_CONVERSION = YES;
				CLANG_WARN_NON_LITERAL_NULL_CONVERSION = YES;
				CLANG_WARN_OBJC_IMPLICIT_RETAIN_SELF = YES;
				CLANG_WARN_OBJC_LITERAL_CONVERSION = YES;
				CLANG_WARN_OBJC_ROOT_CLASS = YES_ERROR;
				CLANG_WARN_RANGE_LOOP_ANALYSIS = YES;
				CLANG_WARN_STRICT_PROTOTYPES = YES;
				CLANG_WARN_SUSPICIOUS_MOVE = YES;
				CLANG_WARN_UNGUARDED_AVAILABILITY = YES_AGGRESSIVE;
				CLANG_WARN_UNREACHABLE_CODE = YES;
				CLANG_WARN__DUPLICATE_METHOD_MATCH = YES;
				CODE_SIGN_ENTITLEMENTS = Mac/Mac.entitlements;
				CODE_SIGN_IDENTITY = "Mac Developer";
				CODE_SIGN_STYLE = Automatic;
				COMBINE_HIDPI_IMAGES = YES;
				COPY_PHASE_STRIP = NO;
				DEVELOPMENT_TEAM = 7AMWG3RLHN;
				ENABLE_NS_ASSERTIONS = NO;
				ENABLE_STRICT_OBJC_MSGSEND = YES;
				GCC_C_LANGUAGE_STANDARD = gnu11;
				GCC_NO_COMMON_BLOCKS = YES;
				GCC_WARN_64_TO_32_BIT_CONVERSION = YES;
				GCC_WARN_ABOUT_RETURN_TYPE = YES_ERROR;
				GCC_WARN_UNDECLARED_SELECTOR = YES;
				GCC_WARN_UNINITIALIZED_AUTOS = YES_AGGRESSIVE;
				GCC_WARN_UNUSED_FUNCTION = YES;
				GCC_WARN_UNUSED_VARIABLE = YES;
				INFOPLIST_FILE = Mac/Mac.plist;
				LD_RUNPATH_SEARCH_PATHS = (
					"$(inherited)",
					"@executable_path/../Frameworks",
				);
				MTL_ENABLE_DEBUG_INFO = NO;
				MTL_FAST_MATH = YES;
				PRODUCT_BUNDLE_IDENTIFIER = git.mac;
				PRODUCT_MODULE_NAME = GitMac;
				SDKROOT = macosx;
				SWIFT_COMPILATION_MODE = wholemodule;
			};
			name = Release;
		};
		20F6E0DF225C733600418216 /* Debug */ = {
			isa = XCBuildConfiguration;
			buildSettings = {
				ALWAYS_SEARCH_USER_PATHS = NO;
				ASSETCATALOG_COMPILER_APPICON_NAME = AppIcon;
				CLANG_ANALYZER_NONNULL = YES;
				CLANG_ANALYZER_NUMBER_OBJECT_CONVERSION = YES_AGGRESSIVE;
				CLANG_CXX_LANGUAGE_STANDARD = "gnu++14";
				CLANG_CXX_LIBRARY = "libc++";
				CLANG_ENABLE_OBJC_ARC = YES;
				CLANG_ENABLE_OBJC_WEAK = YES;
				CLANG_WARN_BLOCK_CAPTURE_AUTORELEASING = YES;
				CLANG_WARN_BOOL_CONVERSION = YES;
				CLANG_WARN_COMMA = YES;
				CLANG_WARN_CONSTANT_CONVERSION = YES;
				CLANG_WARN_DEPRECATED_OBJC_IMPLEMENTATIONS = YES;
				CLANG_WARN_DIRECT_OBJC_ISA_USAGE = YES_ERROR;
				CLANG_WARN_DOCUMENTATION_COMMENTS = YES;
				CLANG_WARN_EMPTY_BODY = YES;
				CLANG_WARN_ENUM_CONVERSION = YES;
				CLANG_WARN_INFINITE_RECURSION = YES;
				CLANG_WARN_INT_CONVERSION = YES;
				CLANG_WARN_NON_LITERAL_NULL_CONVERSION = YES;
				CLANG_WARN_OBJC_IMPLICIT_RETAIN_SELF = YES;
				CLANG_WARN_OBJC_LITERAL_CONVERSION = YES;
				CLANG_WARN_OBJC_ROOT_CLASS = YES_ERROR;
				CLANG_WARN_RANGE_LOOP_ANALYSIS = YES;
				CLANG_WARN_STRICT_PROTOTYPES = YES;
				CLANG_WARN_SUSPICIOUS_MOVE = YES;
				CLANG_WARN_UNGUARDED_AVAILABILITY = YES_AGGRESSIVE;
				CLANG_WARN_UNREACHABLE_CODE = YES;
				CLANG_WARN__DUPLICATE_METHOD_MATCH = YES;
				CODE_SIGN_IDENTITY = "iPhone Developer";
				CODE_SIGN_STYLE = Automatic;
				COPY_PHASE_STRIP = NO;
				DEVELOPMENT_TEAM = 7AMWG3RLHN;
				ENABLE_STRICT_OBJC_MSGSEND = YES;
				ENABLE_TESTABILITY = YES;
				GCC_C_LANGUAGE_STANDARD = gnu11;
				GCC_DYNAMIC_NO_PIC = NO;
				GCC_NO_COMMON_BLOCKS = YES;
				GCC_PREPROCESSOR_DEFINITIONS = (
					"DEBUG=1",
					"$(inherited)",
				);
				GCC_WARN_64_TO_32_BIT_CONVERSION = YES;
				GCC_WARN_ABOUT_RETURN_TYPE = YES_ERROR;
				GCC_WARN_UNDECLARED_SELECTOR = YES;
				GCC_WARN_UNINITIALIZED_AUTOS = YES_AGGRESSIVE;
				GCC_WARN_UNUSED_FUNCTION = YES;
				GCC_WARN_UNUSED_VARIABLE = YES;
				INFOPLIST_FILE = iOS/iOS.plist;
				LD_RUNPATH_SEARCH_PATHS = (
					"$(inherited)",
					"@executable_path/Frameworks",
				);
				MTL_ENABLE_DEBUG_INFO = INCLUDE_SOURCE;
				MTL_FAST_MATH = YES;
				ONLY_ACTIVE_ARCH = YES;
				PRODUCT_BUNDLE_IDENTIFIER = git.ios;
				PRODUCT_MODULE_NAME = GitiOS;
				SDKROOT = iphoneos;
				SWIFT_ACTIVE_COMPILATION_CONDITIONS = DEBUG;
				TARGETED_DEVICE_FAMILY = "1,2";
			};
			name = Debug;
		};
		20F6E0E0225C733600418216 /* Release */ = {
			isa = XCBuildConfiguration;
			buildSettings = {
				ALWAYS_SEARCH_USER_PATHS = NO;
				ASSETCATALOG_COMPILER_APPICON_NAME = AppIcon;
				CLANG_ANALYZER_NONNULL = YES;
				CLANG_ANALYZER_NUMBER_OBJECT_CONVERSION = YES_AGGRESSIVE;
				CLANG_CXX_LANGUAGE_STANDARD = "gnu++14";
				CLANG_CXX_LIBRARY = "libc++";
				CLANG_ENABLE_OBJC_ARC = YES;
				CLANG_ENABLE_OBJC_WEAK = YES;
				CLANG_WARN_BLOCK_CAPTURE_AUTORELEASING = YES;
				CLANG_WARN_BOOL_CONVERSION = YES;
				CLANG_WARN_COMMA = YES;
				CLANG_WARN_CONSTANT_CONVERSION = YES;
				CLANG_WARN_DEPRECATED_OBJC_IMPLEMENTATIONS = YES;
				CLANG_WARN_DIRECT_OBJC_ISA_USAGE = YES_ERROR;
				CLANG_WARN_DOCUMENTATION_COMMENTS = YES;
				CLANG_WARN_EMPTY_BODY = YES;
				CLANG_WARN_ENUM_CONVERSION = YES;
				CLANG_WARN_INFINITE_RECURSION = YES;
				CLANG_WARN_INT_CONVERSION = YES;
				CLANG_WARN_NON_LITERAL_NULL_CONVERSION = YES;
				CLANG_WARN_OBJC_IMPLICIT_RETAIN_SELF = YES;
				CLANG_WARN_OBJC_LITERAL_CONVERSION = YES;
				CLANG_WARN_OBJC_ROOT_CLASS = YES_ERROR;
				CLANG_WARN_RANGE_LOOP_ANALYSIS = YES;
				CLANG_WARN_STRICT_PROTOTYPES = YES;
				CLANG_WARN_SUSPICIOUS_MOVE = YES;
				CLANG_WARN_UNGUARDED_AVAILABILITY = YES_AGGRESSIVE;
				CLANG_WARN_UNREACHABLE_CODE = YES;
				CLANG_WARN__DUPLICATE_METHOD_MATCH = YES;
				CODE_SIGN_IDENTITY = "iPhone Developer";
				CODE_SIGN_STYLE = Automatic;
				COPY_PHASE_STRIP = NO;
				DEVELOPMENT_TEAM = 7AMWG3RLHN;
				ENABLE_NS_ASSERTIONS = NO;
				ENABLE_STRICT_OBJC_MSGSEND = YES;
				GCC_C_LANGUAGE_STANDARD = gnu11;
				GCC_NO_COMMON_BLOCKS = YES;
				GCC_WARN_64_TO_32_BIT_CONVERSION = YES;
				GCC_WARN_ABOUT_RETURN_TYPE = YES_ERROR;
				GCC_WARN_UNDECLARED_SELECTOR = YES;
				GCC_WARN_UNINITIALIZED_AUTOS = YES_AGGRESSIVE;
				GCC_WARN_UNUSED_FUNCTION = YES;
				GCC_WARN_UNUSED_VARIABLE = YES;
				INFOPLIST_FILE = iOS/iOS.plist;
				LD_RUNPATH_SEARCH_PATHS = (
					"$(inherited)",
					"@executable_path/Frameworks",
				);
				MTL_ENABLE_DEBUG_INFO = NO;
				MTL_FAST_MATH = YES;
				PRODUCT_BUNDLE_IDENTIFIER = git.ios;
				PRODUCT_MODULE_NAME = GitiOS;
				SDKROOT = iphoneos;
				SWIFT_COMPILATION_MODE = wholemodule;
				TARGETED_DEVICE_FAMILY = "1,2";
				VALIDATE_PRODUCT = YES;
			};
			name = Release;
		};
/* End XCBuildConfiguration section */

/* Begin XCConfigurationList section */
		20F6E08C225C729200418216 /* Build configuration list for PBXProject "Git" */ = {
			isa = XCConfigurationList;
			buildConfigurations = (
				20F6E08D225C729200418216 /* Debug */,
				20F6E08E225C729200418216 /* Release */,
			);
			defaultConfigurationIsVisible = 0;
			defaultConfigurationName = Release;
		};
		20F6E09A225C72A100418216 /* Build configuration list for PBXNativeTarget "Mac" */ = {
			isa = XCConfigurationList;
			buildConfigurations = (
				20F6E09B225C72A100418216 /* Debug */,
				20F6E09C225C72A100418216 /* Release */,
			);
			defaultConfigurationIsVisible = 0;
			defaultConfigurationName = Release;
		};
		20F6E0A5225C72AC00418216 /* Build configuration list for PBXNativeTarget "iOS" */ = {
			isa = XCConfigurationList;
			buildConfigurations = (
				20F6E0A6225C72AC00418216 /* Debug */,
				20F6E0A7225C72AC00418216 /* Release */,
			);
			defaultConfigurationIsVisible = 0;
			defaultConfigurationName = Release;
		};
		20F6E0B4225C72BD00418216 /* Build configuration list for PBXNativeTarget "Tests" */ = {
			isa = XCConfigurationList;
			buildConfigurations = (
				20F6E0B5225C72BD00418216 /* Debug */,
				20F6E0B6225C72BD00418216 /* Release */,
			);
			defaultConfigurationIsVisible = 0;
			defaultConfigurationName = Release;
		};
		20F6E0C8225C732400418216 /* Build configuration list for PBXNativeTarget "MacApp" */ = {
			isa = XCConfigurationList;
			buildConfigurations = (
				20F6E0C9225C732400418216 /* Debug */,
				20F6E0CA225C732400418216 /* Release */,
			);
			defaultConfigurationIsVisible = 0;
			defaultConfigurationName = Release;
		};
		20F6E0DE225C733600418216 /* Build configuration list for PBXNativeTarget "iOSApp" */ = {
			isa = XCConfigurationList;
			buildConfigurations = (
				20F6E0DF225C733600418216 /* Debug */,
				20F6E0E0225C733600418216 /* Release */,
			);
			defaultConfigurationIsVisible = 0;
			defaultConfigurationName = Release;
		};
/* End XCConfigurationList section */
	};
	rootObject = 20F6E089225C729200418216 /* Project object */;
}
